// !$*UTF8*$!
{
	archiveVersion = 1;
	classes = {
	};
	objectVersion = 46;
	objects = {

/* Begin PBXBuildFile section */
		24DFD0C8164F64BC0034646D /* BuildingSystem.m in Sources */ = {isa = PBXBuildFile; fileRef = 24DFD0C7164F64BC0034646D /* BuildingSystem.m */; };
		24DFD0D5164F75290034646D /* BuildingTableViewController.m in Sources */ = {isa = PBXBuildFile; fileRef = 24DFD0D4164F75290034646D /* BuildingTableViewController.m */; };
		24DFD0E7164F9F0A0034646D /* BuildingInfoViewController.m in Sources */ = {isa = PBXBuildFile; fileRef = 24DFD0E6164F9F0A0034646D /* BuildingInfoViewController.m */; };
		24EC520F16275786008D9BBF /* UIKit.framework in Frameworks */ = {isa = PBXBuildFile; fileRef = 24EC520E16275786008D9BBF /* UIKit.framework */; };
		24EC521116275786008D9BBF /* Foundation.framework in Frameworks */ = {isa = PBXBuildFile; fileRef = 24EC521016275786008D9BBF /* Foundation.framework */; };
		24EC521316275786008D9BBF /* CoreGraphics.framework in Frameworks */ = {isa = PBXBuildFile; fileRef = 24EC521216275786008D9BBF /* CoreGraphics.framework */; };
		24EC521916275786008D9BBF /* InfoPlist.strings in Resources */ = {isa = PBXBuildFile; fileRef = 24EC521716275786008D9BBF /* InfoPlist.strings */; };
		24EC521B16275786008D9BBF /* main.m in Sources */ = {isa = PBXBuildFile; fileRef = 24EC521A16275786008D9BBF /* main.m */; };
		24EC521F16275786008D9BBF /* AppDelegate.m in Sources */ = {isa = PBXBuildFile; fileRef = 24EC521E16275786008D9BBF /* AppDelegate.m */; };
		24EC522116275786008D9BBF /* Default.png in Resources */ = {isa = PBXBuildFile; fileRef = 24EC522016275786008D9BBF /* Default.png */; };
		24EC522316275786008D9BBF /* Default@2x.png in Resources */ = {isa = PBXBuildFile; fileRef = 24EC522216275786008D9BBF /* Default@2x.png */; };
		24EC522516275786008D9BBF /* Default-568h@2x.png in Resources */ = {isa = PBXBuildFile; fileRef = 24EC522416275786008D9BBF /* Default-568h@2x.png */; };
		24EC522816275786008D9BBF /* MainStoryboard_iPhone.storyboard in Resources */ = {isa = PBXBuildFile; fileRef = 24EC522616275786008D9BBF /* MainStoryboard_iPhone.storyboard */; };
		24EC522B16275786008D9BBF /* MainStoryboard_iPad.storyboard in Resources */ = {isa = PBXBuildFile; fileRef = 24EC522916275786008D9BBF /* MainStoryboard_iPad.storyboard */; };
		24EC522E16275786008D9BBF /* MapViewController.m in Sources */ = {isa = PBXBuildFile; fileRef = 24EC522D16275786008D9BBF /* MapViewController.m */; };
		24EC523016275786008D9BBF /* first.png in Resources */ = {isa = PBXBuildFile; fileRef = 24EC522F16275786008D9BBF /* first.png */; };
		24EC523216275786008D9BBF /* first@2x.png in Resources */ = {isa = PBXBuildFile; fileRef = 24EC523116275786008D9BBF /* first@2x.png */; };
		24EC523716275786008D9BBF /* second.png in Resources */ = {isa = PBXBuildFile; fileRef = 24EC523616275786008D9BBF /* second.png */; };
		24EC523916275786008D9BBF /* second@2x.png in Resources */ = {isa = PBXBuildFile; fileRef = 24EC523816275786008D9BBF /* second@2x.png */; };
		24EC524116275786008D9BBF /* SenTestingKit.framework in Frameworks */ = {isa = PBXBuildFile; fileRef = 24EC524016275786008D9BBF /* SenTestingKit.framework */; };
		24EC524216275786008D9BBF /* UIKit.framework in Frameworks */ = {isa = PBXBuildFile; fileRef = 24EC520E16275786008D9BBF /* UIKit.framework */; };
		24EC524316275786008D9BBF /* Foundation.framework in Frameworks */ = {isa = PBXBuildFile; fileRef = 24EC521016275786008D9BBF /* Foundation.framework */; };
		24EC524B16275786008D9BBF /* InfoPlist.strings in Resources */ = {isa = PBXBuildFile; fileRef = 24EC524916275786008D9BBF /* InfoPlist.strings */; };
		24EC524E16275786008D9BBF /* msu_mapTests.m in Sources */ = {isa = PBXBuildFile; fileRef = 24EC524D16275786008D9BBF /* msu_mapTests.m */; };
		24EC5259164E065E008D9BBF /* CurrentLocation.m in Sources */ = {isa = PBXBuildFile; fileRef = 24EC5258164E065E008D9BBF /* CurrentLocation.m */; };
		24EC5262164E122B008D9BBF /* MapKit.framework in Frameworks */ = {isa = PBXBuildFile; fileRef = 24EC5261164E122B008D9BBF /* MapKit.framework */; };
		24EC5264164E1232008D9BBF /* CoreLocation.framework in Frameworks */ = {isa = PBXBuildFile; fileRef = 24EC5263164E1232008D9BBF /* CoreLocation.framework */; };
		24EC526C164E2516008D9BBF /* JSONParser.m in Sources */ = {isa = PBXBuildFile; fileRef = 24EC526B164E2516008D9BBF /* JSONParser.m */; };
		24EC527D164E4AD3008D9BBF /* MapView.m in Sources */ = {isa = PBXBuildFile; fileRef = 24EC527C164E4AD3008D9BBF /* MapView.m */; };
		ED49106F16F00DF300AAE59E /* Building.m in Sources */ = {isa = PBXBuildFile; fileRef = ED49106E16F00DF300AAE59E /* Building.m */; };
		ED4910F216F00EAE00AAE59E /* abbot.png in Resources */ = {isa = PBXBuildFile; fileRef = ED49107116F00EAD00AAE59E /* abbot.png */; };
		ED4910F316F00EAE00AAE59E /* abrams.png in Resources */ = {isa = PBXBuildFile; fileRef = ED49107216F00EAD00AAE59E /* abrams.png */; };
		ED4910F416F00EAE00AAE59E /* agriculture.png in Resources */ = {isa = PBXBuildFile; fileRef = ED49107316F00EAD00AAE59E /* agriculture.png */; };
		ED4910F516F00EAE00AAE59E /* akers.png in Resources */ = {isa = PBXBuildFile; fileRef = ED49107416F00EAD00AAE59E /* akers.png */; };
		ED4910F616F00EAE00AAE59E /* alumni_chapel.png in Resources */ = {isa = PBXBuildFile; fileRef = ED49107516F00EAD00AAE59E /* alumni_chapel.png */; };
		ED4910F716F00EAE00AAE59E /* angell.png in Resources */ = {isa = PBXBuildFile; fileRef = ED49107616F00EAD00AAE59E /* angell.png */; };
		ED4910F816F00EAE00AAE59E /* anthony_hall.png in Resources */ = {isa = PBXBuildFile; fileRef = ED49107716F00EAD00AAE59E /* anthony_hall.png */; };
		ED4910F916F00EAE00AAE59E /* auditorium.png in Resources */ = {isa = PBXBuildFile; fileRef = ED49107816F00EAD00AAE59E /* auditorium.png */; };
		ED4910FA16F00EAE00AAE59E /* bailey_hall.png in Resources */ = {isa = PBXBuildFile; fileRef = ED49107916F00EAD00AAE59E /* bailey_hall.png */; };
		ED4910FB16F00EAE00AAE59E /* baker.png in Resources */ = {isa = PBXBuildFile; fileRef = ED49107A16F00EAD00AAE59E /* baker.png */; };
		ED4910FC16F00EAE00AAE59E /* bcc.png in Resources */ = {isa = PBXBuildFile; fileRef = ED49107B16F00EAD00AAE59E /* bcc.png */; };
		ED4910FD16F00EAE00AAE59E /* beal_garden.png in Resources */ = {isa = PBXBuildFile; fileRef = ED49107C16F00EAD00AAE59E /* beal_garden.png */; };
		ED4910FE16F00EAE00AAE59E /* beaumont_tower.png in Resources */ = {isa = PBXBuildFile; fileRef = ED49107D16F00EAD00AAE59E /* beaumont_tower.png */; };
		ED4910FF16F00EAE00AAE59E /* berkey.png in Resources */ = {isa = PBXBuildFile; fileRef = ED49107E16F00EAD00AAE59E /* berkey.png */; };
		ED49110016F00EAE00AAE59E /* bessey.png in Resources */ = {isa = PBXBuildFile; fileRef = ED49107F16F00EAD00AAE59E /* bessey.png */; };
		ED49110116F00EAE00AAE59E /* biochem.png in Resources */ = {isa = PBXBuildFile; fileRef = ED49108016F00EAD00AAE59E /* biochem.png */; };
		ED49110216F00EAE00AAE59E /* biomedical_physical_science.png in Resources */ = {isa = PBXBuildFile; fileRef = ED49108116F00EAD00AAE59E /* biomedical_physical_science.png */; };
		ED49110316F00EAE00AAE59E /* breslin.png in Resources */ = {isa = PBXBuildFile; fileRef = ED49108216F00EAD00AAE59E /* breslin.png */; };
		ED49110416F00EAE00AAE59E /* bryan_hall.png in Resources */ = {isa = PBXBuildFile; fileRef = ED49108316F00EAD00AAE59E /* bryan_hall.png */; };
		ED49110516F00EAE00AAE59E /* butterfield_hall.png in Resources */ = {isa = PBXBuildFile; fileRef = ED49108416F00EAD00AAE59E /* butterfield_hall.png */; };
		ED49110616F00EAE00AAE59E /* campbell.png in Resources */ = {isa = PBXBuildFile; fileRef = ED49108516F00EAD00AAE59E /* campbell.png */; };
		ED49110716F00EAE00AAE59E /* case_hall.png in Resources */ = {isa = PBXBuildFile; fileRef = ED49108616F00EAD00AAE59E /* case_hall.png */; };
		ED49110816F00EAE00AAE59E /* centralserv.png in Resources */ = {isa = PBXBuildFile; fileRef = ED49108716F00EAD00AAE59E /* centralserv.png */; };
		ED49110916F00EAE00AAE59E /* chemistry.png in Resources */ = {isa = PBXBuildFile; fileRef = ED49108816F00EAD00AAE59E /* chemistry.png */; };
		ED49110A16F00EAE00AAE59E /* chittenden.png in Resources */ = {isa = PBXBuildFile; fileRef = ED49108916F00EAD00AAE59E /* chittenden.png */; };
		ED49110B16F00EAE00AAE59E /* clinicalcenter.png in Resources */ = {isa = PBXBuildFile; fileRef = ED49108A16F00EAD00AAE59E /* clinicalcenter.png */; };
		ED49110C16F00EAE00AAE59E /* college_of_law.png in Resources */ = {isa = PBXBuildFile; fileRef = ED49108B16F00EAD00AAE59E /* college_of_law.png */; };
		ED49110D16F00EAE00AAE59E /* communication.png in Resources */ = {isa = PBXBuildFile; fileRef = ED49108C16F00EAD00AAE59E /* communication.png */; };
		ED49110E16F00EAE00AAE59E /* computer_center.png in Resources */ = {isa = PBXBuildFile; fileRef = ED49108D16F00EAD00AAE59E /* computer_center.png */; };
		ED49110F16F00EAE00AAE59E /* conrad.png in Resources */ = {isa = PBXBuildFile; fileRef = ED49108E16F00EAD00AAE59E /* conrad.png */; };
		ED49111016F00EAE00AAE59E /* cook.png in Resources */ = {isa = PBXBuildFile; fileRef = ED49108F16F00EAD00AAE59E /* cook.png */; };
		ED49111116F00EAE00AAE59E /* cowles_house.png in Resources */ = {isa = PBXBuildFile; fileRef = ED49109016F00EAD00AAE59E /* cowles_house.png */; };
		ED49111216F00EAE00AAE59E /* cyclotron.png in Resources */ = {isa = PBXBuildFile; fileRef = ED49109116F00EAD00AAE59E /* cyclotron.png */; };
		ED49111316F00EAE00AAE59E /* daugherty.png in Resources */ = {isa = PBXBuildFile; fileRef = ED49109216F00EAD00AAE59E /* daugherty.png */; };
		ED49111416F00EAE00AAE59E /* demonstration.png in Resources */ = {isa = PBXBuildFile; fileRef = ED49109316F00EAD00AAE59E /* demonstration.png */; };
		ED49111516F00EAE00AAE59E /* emmons_hall.png in Resources */ = {isa = PBXBuildFile; fileRef = ED49109416F00EAD00AAE59E /* emmons_hall.png */; };
		ED49111616F00EAE00AAE59E /* engineering.png in Resources */ = {isa = PBXBuildFile; fileRef = ED49109516F00EAD00AAE59E /* engineering.png */; };
		ED49111716F00EAE00AAE59E /* engresearch.png in Resources */ = {isa = PBXBuildFile; fileRef = ED49109616F00EAD00AAE59E /* engresearch.png */; };
		ED49111816F00EAE00AAE59E /* eppley.png in Resources */ = {isa = PBXBuildFile; fileRef = ED49109716F00EAD00AAE59E /* eppley.png */; };
		ED49111916F00EAE00AAE59E /* erickson.png in Resources */ = {isa = PBXBuildFile; fileRef = ED49109816F00EAD00AAE59E /* erickson.png */; };
		ED49111A16F00EAE00AAE59E /* eustace_cole.png in Resources */ = {isa = PBXBuildFile; fileRef = ED49109916F00EAD00AAE59E /* eustace_cole.png */; };
		ED49111B16F00EAE00AAE59E /* farrall.png in Resources */ = {isa = PBXBuildFile; fileRef = ED49109A16F00EAD00AAE59E /* farrall.png */; };
		ED49111C16F00EAE00AAE59E /* fee.png in Resources */ = {isa = PBXBuildFile; fileRef = ED49109B16F00EAD00AAE59E /* fee.png */; };
		ED49111D16F00EAE00AAE59E /* fire.png in Resources */ = {isa = PBXBuildFile; fileRef = ED49109C16F00EAD00AAE59E /* fire.png */; };
		ED49111E16F00EAE00AAE59E /* food_safety.png in Resources */ = {isa = PBXBuildFile; fileRef = ED49109D16F00EAD00AAE59E /* food_safety.png */; };
		ED49111F16F00EAE00AAE59E /* foodsci.png in Resources */ = {isa = PBXBuildFile; fileRef = ED49109E16F00EAD00AAE59E /* foodsci.png */; };
		ED49112016F00EAE00AAE59E /* foodstores.png in Resources */ = {isa = PBXBuildFile; fileRef = ED49109F16F00EAD00AAE59E /* foodstores.png */; };
		ED49112116F00EAE00AAE59E /* geography.png in Resources */ = {isa = PBXBuildFile; fileRef = ED4910A016F00EAE00AAE59E /* geography.png */; };
		ED49112216F00EAE00AAE59E /* gilchrist.png in Resources */ = {isa = PBXBuildFile; fileRef = ED4910A116F00EAE00AAE59E /* gilchrist.png */; };
		ED49112316F00EAE00AAE59E /* giltner.png in Resources */ = {isa = PBXBuildFile; fileRef = ED4910A216F00EAE00AAE59E /* giltner.png */; };
		ED49112416F00EAE00AAE59E /* greenarrow.png in Resources */ = {isa = PBXBuildFile; fileRef = ED4910A316F00EAE00AAE59E /* greenarrow.png */; };
		ED49112516F00EAE00AAE59E /* hannah.png in Resources */ = {isa = PBXBuildFile; fileRef = ED4910A416F00EAE00AAE59E /* hannah.png */; };
		ED49112616F00EAE00AAE59E /* holden.png in Resources */ = {isa = PBXBuildFile; fileRef = ED4910A516F00EAE00AAE59E /* holden.png */; };
		ED49112716F00EAE00AAE59E /* holmes.png in Resources */ = {isa = PBXBuildFile; fileRef = ED4910A616F00EAE00AAE59E /* holmes.png */; };
		ED49112816F00EAE00AAE59E /* hubbard.png in Resources */ = {isa = PBXBuildFile; fileRef = ED4910A716F00EAE00AAE59E /* hubbard.png */; };
		ED49112916F00EAE00AAE59E /* humanecology.png in Resources */ = {isa = PBXBuildFile; fileRef = ED4910A816F00EAE00AAE59E /* humanecology.png */; };
		ED49112A16F00EAE00AAE59E /* ic_dictionary.png in Resources */ = {isa = PBXBuildFile; fileRef = ED4910A916F00EAE00AAE59E /* ic_dictionary.png */; };
		ED49112B16F00EAE00AAE59E /* im_sports_west.png in Resources */ = {isa = PBXBuildFile; fileRef = ED4910AA16F00EAE00AAE59E /* im_sports_west.png */; };
		ED49112C16F00EAE00AAE59E /* imcircle.png in Resources */ = {isa = PBXBuildFile; fileRef = ED4910AB16F00EAE00AAE59E /* imcircle.png */; };
		ED49112D16F00EAE00AAE59E /* imeast.png in Resources */ = {isa = PBXBuildFile; fileRef = ED4910AC16F00EAE00AAE59E /* imeast.png */; };
		ED49112E16F00EAE00AAE59E /* instrmedia.png in Resources */ = {isa = PBXBuildFile; fileRef = ED4910AD16F00EAE00AAE59E /* instrmedia.png */; };
		ED49112F16F00EAE00AAE59E /* internatcen.png in Resources */ = {isa = PBXBuildFile; fileRef = ED4910AE16F00EAE00AAE59E /* internatcen.png */; };
		ED49113016F00EAE00AAE59E /* jenison.png in Resources */ = {isa = PBXBuildFile; fileRef = ED4910AF16F00EAE00AAE59E /* jenison.png */; };
		ED49113116F00EAE00AAE59E /* kedzie.png in Resources */ = {isa = PBXBuildFile; fileRef = ED4910B016F00EAE00AAE59E /* kedzie.png */; };
		ED49113216F00EAE00AAE59E /* kellogg_center.png in Resources */ = {isa = PBXBuildFile; fileRef = ED4910B116F00EAE00AAE59E /* kellogg_center.png */; };
		ED49113316F00EAE00AAE59E /* kresge.png in Resources */ = {isa = PBXBuildFile; fileRef = ED4910B216F00EAE00AAE59E /* kresge.png */; };
		ED49113416F00EAE00AAE59E /* landon.png in Resources */ = {isa = PBXBuildFile; fileRef = ED4910B316F00EAE00AAE59E /* landon.png */; };
		ED49113516F00EAE00AAE59E /* laundry.png in Resources */ = {isa = PBXBuildFile; fileRef = ED4910B416F00EAE00AAE59E /* laundry.png */; };
		ED49113616F00EAE00AAE59E /* library.png in Resources */ = {isa = PBXBuildFile; fileRef = ED4910B516F00EAE00AAE59E /* library.png */; };
		ED49113716F00EAE00AAE59E /* life.png in Resources */ = {isa = PBXBuildFile; fileRef = ED4910B616F00EAE00AAE59E /* life.png */; };
		ED49113816F00EAE00AAE59E /* linton.png in Resources */ = {isa = PBXBuildFile; fileRef = ED4910B716F00EAE00AAE59E /* linton.png */; };
		ED49113916F00EAE00AAE59E /* manlymiles.png in Resources */ = {isa = PBXBuildFile; fileRef = ED4910B816F00EAE00AAE59E /* manlymiles.png */; };
		ED49113A16F00EAE00AAE59E /* marshall_adams.png in Resources */ = {isa = PBXBuildFile; fileRef = ED4910B916F00EAE00AAE59E /* marshall_adams.png */; };
		ED49113B16F00EAE00AAE59E /* marymayo.png in Resources */ = {isa = PBXBuildFile; fileRef = ED4910BA16F00EAE00AAE59E /* marymayo.png */; };
		ED49113C16F00EAE00AAE59E /* mason.png in Resources */ = {isa = PBXBuildFile; fileRef = ED4910BB16F00EAE00AAE59E /* mason.png */; };
		ED49113D16F00EAE00AAE59E /* mcdonel.png in Resources */ = {isa = PBXBuildFile; fileRef = ED4910BC16F00EAE00AAE59E /* mcdonel.png */; };
		ED49113E16F00EAE00AAE59E /* morrill.png in Resources */ = {isa = PBXBuildFile; fileRef = ED4910BD16F00EAE00AAE59E /* morrill.png */; };
		ED49113F16F00EAE00AAE59E /* munn.png in Resources */ = {isa = PBXBuildFile; fileRef = ED4910BE16F00EAE00AAE59E /* munn.png */; };
		ED49114016F00EAE00AAE59E /* museum.png in Resources */ = {isa = PBXBuildFile; fileRef = ED4910BF16F00EAE00AAE59E /* museum.png */; };
		ED49114116F00EAE00AAE59E /* music.png in Resources */ = {isa = PBXBuildFile; fileRef = ED4910C016F00EAE00AAE59E /* music.png */; };
		ED49114216F00EAE00AAE59E /* music_practice.png in Resources */ = {isa = PBXBuildFile; fileRef = ED4910C116F00EAE00AAE59E /* music_practice.png */; };
		ED49114316F00EAE00AAE59E /* natural_resources.png in Resources */ = {isa = PBXBuildFile; fileRef = ED4910C216F00EAE00AAE59E /* natural_resources.png */; };
		ED49114416F00EAE00AAE59E /* natural_science.png in Resources */ = {isa = PBXBuildFile; fileRef = ED4910C316F00EAE00AAE59E /* natural_science.png */; };
		ED49114516F00EAE00AAE59E /* nisbet.png in Resources */ = {isa = PBXBuildFile; fileRef = ED4910C416F00EAE00AAE59E /* nisbet.png */; };
		ED49114616F00EAE00AAE59E /* observatory.png in Resources */ = {isa = PBXBuildFile; fileRef = ED4910C516F00EAE00AAE59E /* observatory.png */; };
		ED49114716F00EAE00AAE59E /* old_botany.png in Resources */ = {isa = PBXBuildFile; fileRef = ED4910C616F00EAE00AAE59E /* old_botany.png */; };
		ED49114816F00EAE00AAE59E /* oldhort.png in Resources */ = {isa = PBXBuildFile; fileRef = ED4910C716F00EAE00AAE59E /* oldhort.png */; };
		ED49114916F00EAE00AAE59E /* olds.png in Resources */ = {isa = PBXBuildFile; fileRef = ED4910C816F00EAE00AAE59E /* olds.png */; };
		ED49114A16F00EAE00AAE59E /* olin.png in Resources */ = {isa = PBXBuildFile; fileRef = ED4910C916F00EAE00AAE59E /* olin.png */; };
		ED49114B16F00EAE00AAE59E /* owen.png in Resources */ = {isa = PBXBuildFile; fileRef = ED4910CA16F00EAE00AAE59E /* owen.png */; };
		ED49114C16F00EAE00AAE59E /* packaging.png in Resources */ = {isa = PBXBuildFile; fileRef = ED4910CB16F00EAE00AAE59E /* packaging.png */; };
		ED49114D16F00EAE00AAE59E /* pavilion.png in Resources */ = {isa = PBXBuildFile; fileRef = ED4910CC16F00EAE00AAE59E /* pavilion.png */; };
		ED49114E16F00EAE00AAE59E /* phillips.png in Resources */ = {isa = PBXBuildFile; fileRef = ED4910CD16F00EAE00AAE59E /* phillips.png */; };
		ED49114F16F00EAE00AAE59E /* physplnt.png in Resources */ = {isa = PBXBuildFile; fileRef = ED4910CE16F00EAE00AAE59E /* physplnt.png */; };
		ED49115016F00EAE00AAE59E /* plantb.png in Resources */ = {isa = PBXBuildFile; fileRef = ED4910CF16F00EAE00AAE59E /* plantb.png */; };
		ED49115116F00EAE00AAE59E /* plantscigrnhs.png in Resources */ = {isa = PBXBuildFile; fileRef = ED4910D016F00EAE00AAE59E /* plantscigrnhs.png */; };
		ED49115216F00EAE00AAE59E /* plantsoil.png in Resources */ = {isa = PBXBuildFile; fileRef = ED4910D116F00EAE00AAE59E /* plantsoil.png */; };
		ED49115316F00EAE00AAE59E /* plantsys.png in Resources */ = {isa = PBXBuildFile; fileRef = ED4910D216F00EAE00AAE59E /* plantsys.png */; };
		ED49115416F00EAE00AAE59E /* psych_bldg.png in Resources */ = {isa = PBXBuildFile; fileRef = ED4910D316F00EAE00AAE59E /* psych_bldg.png */; };
		ED49115516F00EAE00AAE59E /* pubsafety.png in Resources */ = {isa = PBXBuildFile; fileRef = ED4910D416F00EAE00AAE59E /* pubsafety.png */; };
		ED49115616F00EAE00AAE59E /* radiology.png in Resources */ = {isa = PBXBuildFile; fileRef = ED4910D516F00EAE00AAE59E /* radiology.png */; };
		ED49115716F00EAE00AAE59E /* rather_hall.png in Resources */ = {isa = PBXBuildFile; fileRef = ED4910D616F00EAE00AAE59E /* rather_hall.png */; };
		ED49115816F00EAE00AAE59E /* shaw.png in Resources */ = {isa = PBXBuildFile; fileRef = ED4910D716F00EAE00AAE59E /* shaw.png */; };
		ED49115916F00EAE00AAE59E /* simonpp.png in Resources */ = {isa = PBXBuildFile; fileRef = ED4910D816F00EAE00AAE59E /* simonpp.png */; };
		ED49115A16F00EAE00AAE59E /* snyder.png in Resources */ = {isa = PBXBuildFile; fileRef = ED4910D916F00EAE00AAE59E /* snyder.png */; };
		ED49115B16F00EAE00AAE59E /* soilscires.png in Resources */ = {isa = PBXBuildFile; fileRef = ED4910DA16F00EAE00AAE59E /* soilscires.png */; };
		ED49115C16F00EAE00AAE59E /* south_kedzie_hall.png in Resources */ = {isa = PBXBuildFile; fileRef = ED4910DB16F00EAE00AAE59E /* south_kedzie_hall.png */; };
		ED49115D16F00EAE00AAE59E /* spartan2.png in Resources */ = {isa = PBXBuildFile; fileRef = ED4910DC16F00EAE00AAE59E /* spartan2.png */; };
		ED49115E16F00EAE00AAE59E /* sparty_image.png in Resources */ = {isa = PBXBuildFile; fileRef = ED4910DD16F00EAE00AAE59E /* sparty_image.png */; };
		ED49115F16F00EAE00AAE59E /* speechhear.png in Resources */ = {isa = PBXBuildFile; fileRef = ED4910DE16F00EAE00AAE59E /* speechhear.png */; };
		ED49116016F00EAE00AAE59E /* stadium.png in Resources */ = {isa = PBXBuildFile; fileRef = ED4910DF16F00EAE00AAE59E /* stadium.png */; };
		ED49116116F00EAE00AAE59E /* student.png in Resources */ = {isa = PBXBuildFile; fileRef = ED4910E016F00EAE00AAE59E /* student.png */; };
		ED49116216F00EAE00AAE59E /* surplus.png in Resources */ = {isa = PBXBuildFile; fileRef = ED4910E116F00EAE00AAE59E /* surplus.png */; };
		ED49116316F00EAE00AAE59E /* svillage.png in Resources */ = {isa = PBXBuildFile; fileRef = ED4910E216F00EAE00AAE59E /* svillage.png */; };
		ED49116416F00EAE00AAE59E /* svillage_comcenter.png in Resources */ = {isa = PBXBuildFile; fileRef = ED4910E316F00EAE00AAE59E /* svillage_comcenter.png */; };
		ED49116516F00EAE00AAE59E /* tennis.png in Resources */ = {isa = PBXBuildFile; fileRef = ED4910E416F00EAE00AAE59E /* tennis.png */; };
		ED49116616F00EAE00AAE59E /* tennis1.png in Resources */ = {isa = PBXBuildFile; fileRef = ED4910E516F00EAE00AAE59E /* tennis1.png */; };
		ED49116716F00EAE00AAE59E /* union.png in Resources */ = {isa = PBXBuildFile; fileRef = ED4910E616F00EAE00AAE59E /* union.png */; };
		ED49116816F00EAE00AAE59E /* uvillage.png in Resources */ = {isa = PBXBuildFile; fileRef = ED4910E716F00EAE00AAE59E /* uvillage.png */; };
		ED49116916F00EAE00AAE59E /* vanhoosen.png in Resources */ = {isa = PBXBuildFile; fileRef = ED4910E816F00EAE00AAE59E /* vanhoosen.png */; };
		ED49116A16F00EAE00AAE59E /* vetmed.png in Resources */ = {isa = PBXBuildFile; fileRef = ED4910E916F00EAE00AAE59E /* vetmed.png */; };
		ED49116B16F00EAE00AAE59E /* visitor_information.png in Resources */ = {isa = PBXBuildFile; fileRef = ED4910EA16F00EAE00AAE59E /* visitor_information.png */; };
		ED49116C16F00EAE00AAE59E /* wells.png in Resources */ = {isa = PBXBuildFile; fileRef = ED4910EB16F00EAE00AAE59E /* wells.png */; };
		ED49116D16F00EAE00AAE59E /* wharton.png in Resources */ = {isa = PBXBuildFile; fileRef = ED4910EC16F00EAE00AAE59E /* wharton.png */; };
		ED49116E16F00EAE00AAE59E /* williams.png in Resources */ = {isa = PBXBuildFile; fileRef = ED4910ED16F00EAE00AAE59E /* williams.png */; };
		ED49116F16F00EAE00AAE59E /* willshouse.png in Resources */ = {isa = PBXBuildFile; fileRef = ED4910EE16F00EAE00AAE59E /* willshouse.png */; };
		ED49117016F00EAE00AAE59E /* wilson.png in Resources */ = {isa = PBXBuildFile; fileRef = ED4910EF16F00EAE00AAE59E /* wilson.png */; };
		ED49117116F00EAE00AAE59E /* wonders.png in Resources */ = {isa = PBXBuildFile; fileRef = ED4910F016F00EAE00AAE59E /* wonders.png */; };
		ED49117216F00EAE00AAE59E /* yakeley.png in Resources */ = {isa = PBXBuildFile; fileRef = ED4910F116F00EAE00AAE59E /* yakeley.png */; };
		ED8E566F16FD457700D867A2 /* buildings_backup.txt in Resources */ = {isa = PBXBuildFile; fileRef = ED8E566E16FD457700D867A2 /* buildings_backup.txt */; };
		ED8E567116FD45DF00D867A2 /* build_master.txt in Resources */ = {isa = PBXBuildFile; fileRef = ED8E567016FD45DF00D867A2 /* build_master.txt */; };
/* End PBXBuildFile section */

/* Begin PBXContainerItemProxy section */
		24EC524416275786008D9BBF /* PBXContainerItemProxy */ = {
			isa = PBXContainerItemProxy;
			containerPortal = 24EC520116275785008D9BBF /* Project object */;
			proxyType = 1;
			remoteGlobalIDString = 24EC520916275785008D9BBF;
			remoteInfo = msu_map;
		};
/* End PBXContainerItemProxy section */

/* Begin PBXFileReference section */
		24DFD0C0164F5BEB0034646D /* Building.h */ = {isa = PBXFileReference; fileEncoding = 4; lastKnownFileType = sourcecode.c.h; path = Building.h; sourceTree = "<group>"; };
		24DFD0C6164F64BC0034646D /* BuildingSystem.h */ = {isa = PBXFileReference; fileEncoding = 4; lastKnownFileType = sourcecode.c.h; path = BuildingSystem.h; sourceTree = "<group>"; };
		24DFD0C7164F64BC0034646D /* BuildingSystem.m */ = {isa = PBXFileReference; fileEncoding = 4; lastKnownFileType = sourcecode.c.objc; path = BuildingSystem.m; sourceTree = "<group>"; };
		24DFD0D4164F75290034646D /* BuildingTableViewController.m */ = {isa = PBXFileReference; fileEncoding = 4; lastKnownFileType = sourcecode.c.objc; path = BuildingTableViewController.m; sourceTree = "<group>"; };
		24DFD0E4164F98160034646D /* BuildingTableViewController.h */ = {isa = PBXFileReference; fileEncoding = 4; lastKnownFileType = sourcecode.c.h; path = BuildingTableViewController.h; sourceTree = "<group>"; };
		24DFD0E5164F9F0A0034646D /* BuildingInfoViewController.h */ = {isa = PBXFileReference; fileEncoding = 4; lastKnownFileType = sourcecode.c.h; path = BuildingInfoViewController.h; sourceTree = "<group>"; };
		24DFD0E6164F9F0A0034646D /* BuildingInfoViewController.m */ = {isa = PBXFileReference; fileEncoding = 4; lastKnownFileType = sourcecode.c.objc; path = BuildingInfoViewController.m; sourceTree = "<group>"; };
		24EC520A16275786008D9BBF /* msu_map.app */ = {isa = PBXFileReference; explicitFileType = wrapper.application; includeInIndex = 0; path = msu_map.app; sourceTree = BUILT_PRODUCTS_DIR; };
		24EC520E16275786008D9BBF /* UIKit.framework */ = {isa = PBXFileReference; lastKnownFileType = wrapper.framework; name = UIKit.framework; path = System/Library/Frameworks/UIKit.framework; sourceTree = SDKROOT; };
		24EC521016275786008D9BBF /* Foundation.framework */ = {isa = PBXFileReference; lastKnownFileType = wrapper.framework; name = Foundation.framework; path = System/Library/Frameworks/Foundation.framework; sourceTree = SDKROOT; };
		24EC521216275786008D9BBF /* CoreGraphics.framework */ = {isa = PBXFileReference; lastKnownFileType = wrapper.framework; name = CoreGraphics.framework; path = System/Library/Frameworks/CoreGraphics.framework; sourceTree = SDKROOT; };
		24EC521616275786008D9BBF /* msu_map-Info.plist */ = {isa = PBXFileReference; lastKnownFileType = text.plist.xml; path = "msu_map-Info.plist"; sourceTree = "<group>"; };
		24EC521816275786008D9BBF /* en */ = {isa = PBXFileReference; lastKnownFileType = text.plist.strings; name = en; path = en.lproj/InfoPlist.strings; sourceTree = "<group>"; };
		24EC521A16275786008D9BBF /* main.m */ = {isa = PBXFileReference; lastKnownFileType = sourcecode.c.objc; path = main.m; sourceTree = "<group>"; };
		24EC521C16275786008D9BBF /* msu_map-Prefix.pch */ = {isa = PBXFileReference; lastKnownFileType = sourcecode.c.h; path = "msu_map-Prefix.pch"; sourceTree = "<group>"; };
		24EC521D16275786008D9BBF /* AppDelegate.h */ = {isa = PBXFileReference; lastKnownFileType = sourcecode.c.h; path = AppDelegate.h; sourceTree = "<group>"; };
		24EC521E16275786008D9BBF /* AppDelegate.m */ = {isa = PBXFileReference; lastKnownFileType = sourcecode.c.objc; path = AppDelegate.m; sourceTree = "<group>"; };
		24EC522016275786008D9BBF /* Default.png */ = {isa = PBXFileReference; lastKnownFileType = image.png; path = Default.png; sourceTree = "<group>"; };
		24EC522216275786008D9BBF /* Default@2x.png */ = {isa = PBXFileReference; lastKnownFileType = image.png; path = "Default@2x.png"; sourceTree = "<group>"; };
		24EC522416275786008D9BBF /* Default-568h@2x.png */ = {isa = PBXFileReference; lastKnownFileType = image.png; path = "Default-568h@2x.png"; sourceTree = "<group>"; };
		24EC522716275786008D9BBF /* en */ = {isa = PBXFileReference; lastKnownFileType = file.storyboard; name = en; path = en.lproj/MainStoryboard_iPhone.storyboard; sourceTree = "<group>"; };
		24EC522A16275786008D9BBF /* en */ = {isa = PBXFileReference; lastKnownFileType = file.storyboard; name = en; path = en.lproj/MainStoryboard_iPad.storyboard; sourceTree = "<group>"; };
		24EC522C16275786008D9BBF /* MapViewController.h */ = {isa = PBXFileReference; lastKnownFileType = sourcecode.c.h; path = MapViewController.h; sourceTree = "<group>"; };
		24EC522D16275786008D9BBF /* MapViewController.m */ = {isa = PBXFileReference; lastKnownFileType = sourcecode.c.objc; path = MapViewController.m; sourceTree = "<group>"; };
		24EC522F16275786008D9BBF /* first.png */ = {isa = PBXFileReference; lastKnownFileType = image.png; path = first.png; sourceTree = "<group>"; };
		24EC523116275786008D9BBF /* first@2x.png */ = {isa = PBXFileReference; lastKnownFileType = image.png; path = "first@2x.png"; sourceTree = "<group>"; };
		24EC523616275786008D9BBF /* second.png */ = {isa = PBXFileReference; lastKnownFileType = image.png; path = second.png; sourceTree = "<group>"; };
		24EC523816275786008D9BBF /* second@2x.png */ = {isa = PBXFileReference; lastKnownFileType = image.png; path = "second@2x.png"; sourceTree = "<group>"; };
		24EC523F16275786008D9BBF /* msu_mapTests.octest */ = {isa = PBXFileReference; explicitFileType = wrapper.cfbundle; includeInIndex = 0; path = msu_mapTests.octest; sourceTree = BUILT_PRODUCTS_DIR; };
		24EC524016275786008D9BBF /* SenTestingKit.framework */ = {isa = PBXFileReference; lastKnownFileType = wrapper.framework; name = SenTestingKit.framework; path = Library/Frameworks/SenTestingKit.framework; sourceTree = DEVELOPER_DIR; };
		24EC524816275786008D9BBF /* msu_mapTests-Info.plist */ = {isa = PBXFileReference; lastKnownFileType = text.plist.xml; path = "msu_mapTests-Info.plist"; sourceTree = "<group>"; };
		24EC524A16275786008D9BBF /* en */ = {isa = PBXFileReference; lastKnownFileType = text.plist.strings; name = en; path = en.lproj/InfoPlist.strings; sourceTree = "<group>"; };
		24EC524C16275786008D9BBF /* msu_mapTests.h */ = {isa = PBXFileReference; lastKnownFileType = sourcecode.c.h; path = msu_mapTests.h; sourceTree = "<group>"; };
		24EC524D16275786008D9BBF /* msu_mapTests.m */ = {isa = PBXFileReference; lastKnownFileType = sourcecode.c.objc; path = msu_mapTests.m; sourceTree = "<group>"; };
		24EC5257164E065E008D9BBF /* CurrentLocation.h */ = {isa = PBXFileReference; fileEncoding = 4; lastKnownFileType = sourcecode.c.h; path = CurrentLocation.h; sourceTree = "<group>"; };
		24EC5258164E065E008D9BBF /* CurrentLocation.m */ = {isa = PBXFileReference; fileEncoding = 4; lastKnownFileType = sourcecode.c.objc; path = CurrentLocation.m; sourceTree = "<group>"; };
		24EC5261164E122B008D9BBF /* MapKit.framework */ = {isa = PBXFileReference; lastKnownFileType = wrapper.framework; name = MapKit.framework; path = System/Library/Frameworks/MapKit.framework; sourceTree = SDKROOT; };
		24EC5263164E1232008D9BBF /* CoreLocation.framework */ = {isa = PBXFileReference; lastKnownFileType = wrapper.framework; name = CoreLocation.framework; path = System/Library/Frameworks/CoreLocation.framework; sourceTree = SDKROOT; };
		24EC526A164E2516008D9BBF /* JSONParser.h */ = {isa = PBXFileReference; fileEncoding = 4; lastKnownFileType = sourcecode.c.h; path = JSONParser.h; sourceTree = "<group>"; };
		24EC526B164E2516008D9BBF /* JSONParser.m */ = {isa = PBXFileReference; fileEncoding = 4; lastKnownFileType = sourcecode.c.objc; path = JSONParser.m; sourceTree = "<group>"; };
		24EC527B164E4AD2008D9BBF /* MapView.h */ = {isa = PBXFileReference; fileEncoding = 4; lastKnownFileType = sourcecode.c.h; path = MapView.h; sourceTree = "<group>"; };
		24EC527C164E4AD3008D9BBF /* MapView.m */ = {isa = PBXFileReference; fileEncoding = 4; lastKnownFileType = sourcecode.c.objc; path = MapView.m; sourceTree = "<group>"; };
		24EC5282164ED209008D9BBF /* libsqlite3.0.dylib */ = {isa = PBXFileReference; lastKnownFileType = "compiled.mach-o.dylib"; name = libsqlite3.0.dylib; path = usr/lib/libsqlite3.0.dylib; sourceTree = SDKROOT; };
		ED49106E16F00DF300AAE59E /* Building.m */ = {isa = PBXFileReference; fileEncoding = 4; lastKnownFileType = sourcecode.c.objc; path = Building.m; sourceTree = "<group>"; };
		ED49107116F00EAD00AAE59E /* abbot.png */ = {isa = PBXFileReference; lastKnownFileType = image.png; path = abbot.png; sourceTree = "<group>"; };
		ED49107216F00EAD00AAE59E /* abrams.png */ = {isa = PBXFileReference; lastKnownFileType = image.png; path = abrams.png; sourceTree = "<group>"; };
		ED49107316F00EAD00AAE59E /* agriculture.png */ = {isa = PBXFileReference; lastKnownFileType = image.png; path = agriculture.png; sourceTree = "<group>"; };
		ED49107416F00EAD00AAE59E /* akers.png */ = {isa = PBXFileReference; lastKnownFileType = image.png; path = akers.png; sourceTree = "<group>"; };
		ED49107516F00EAD00AAE59E /* alumni_chapel.png */ = {isa = PBXFileReference; lastKnownFileType = image.png; path = alumni_chapel.png; sourceTree = "<group>"; };
		ED49107616F00EAD00AAE59E /* angell.png */ = {isa = PBXFileReference; lastKnownFileType = image.png; path = angell.png; sourceTree = "<group>"; };
		ED49107716F00EAD00AAE59E /* anthony_hall.png */ = {isa = PBXFileReference; lastKnownFileType = image.png; path = anthony_hall.png; sourceTree = "<group>"; };
		ED49107816F00EAD00AAE59E /* auditorium.png */ = {isa = PBXFileReference; lastKnownFileType = image.png; path = auditorium.png; sourceTree = "<group>"; };
		ED49107916F00EAD00AAE59E /* bailey_hall.png */ = {isa = PBXFileReference; lastKnownFileType = image.png; path = bailey_hall.png; sourceTree = "<group>"; };
		ED49107A16F00EAD00AAE59E /* baker.png */ = {isa = PBXFileReference; lastKnownFileType = image.png; path = baker.png; sourceTree = "<group>"; };
		ED49107B16F00EAD00AAE59E /* bcc.png */ = {isa = PBXFileReference; lastKnownFileType = image.png; path = bcc.png; sourceTree = "<group>"; };
		ED49107C16F00EAD00AAE59E /* beal_garden.png */ = {isa = PBXFileReference; lastKnownFileType = image.png; path = beal_garden.png; sourceTree = "<group>"; };
		ED49107D16F00EAD00AAE59E /* beaumont_tower.png */ = {isa = PBXFileReference; lastKnownFileType = image.png; path = beaumont_tower.png; sourceTree = "<group>"; };
		ED49107E16F00EAD00AAE59E /* berkey.png */ = {isa = PBXFileReference; lastKnownFileType = image.png; path = berkey.png; sourceTree = "<group>"; };
		ED49107F16F00EAD00AAE59E /* bessey.png */ = {isa = PBXFileReference; lastKnownFileType = image.png; path = bessey.png; sourceTree = "<group>"; };
		ED49108016F00EAD00AAE59E /* biochem.png */ = {isa = PBXFileReference; lastKnownFileType = image.png; path = biochem.png; sourceTree = "<group>"; };
		ED49108116F00EAD00AAE59E /* biomedical_physical_science.png */ = {isa = PBXFileReference; lastKnownFileType = image.png; path = biomedical_physical_science.png; sourceTree = "<group>"; };
		ED49108216F00EAD00AAE59E /* breslin.png */ = {isa = PBXFileReference; lastKnownFileType = image.png; path = breslin.png; sourceTree = "<group>"; };
		ED49108316F00EAD00AAE59E /* bryan_hall.png */ = {isa = PBXFileReference; lastKnownFileType = image.png; path = bryan_hall.png; sourceTree = "<group>"; };
		ED49108416F00EAD00AAE59E /* butterfield_hall.png */ = {isa = PBXFileReference; lastKnownFileType = image.png; path = butterfield_hall.png; sourceTree = "<group>"; };
		ED49108516F00EAD00AAE59E /* campbell.png */ = {isa = PBXFileReference; lastKnownFileType = image.png; path = campbell.png; sourceTree = "<group>"; };
		ED49108616F00EAD00AAE59E /* case_hall.png */ = {isa = PBXFileReference; lastKnownFileType = image.png; path = case_hall.png; sourceTree = "<group>"; };
		ED49108716F00EAD00AAE59E /* centralserv.png */ = {isa = PBXFileReference; lastKnownFileType = image.png; path = centralserv.png; sourceTree = "<group>"; };
		ED49108816F00EAD00AAE59E /* chemistry.png */ = {isa = PBXFileReference; lastKnownFileType = image.png; path = chemistry.png; sourceTree = "<group>"; };
		ED49108916F00EAD00AAE59E /* chittenden.png */ = {isa = PBXFileReference; lastKnownFileType = image.png; path = chittenden.png; sourceTree = "<group>"; };
		ED49108A16F00EAD00AAE59E /* clinicalcenter.png */ = {isa = PBXFileReference; lastKnownFileType = image.png; path = clinicalcenter.png; sourceTree = "<group>"; };
		ED49108B16F00EAD00AAE59E /* college_of_law.png */ = {isa = PBXFileReference; lastKnownFileType = image.png; path = college_of_law.png; sourceTree = "<group>"; };
		ED49108C16F00EAD00AAE59E /* communication.png */ = {isa = PBXFileReference; lastKnownFileType = image.png; path = communication.png; sourceTree = "<group>"; };
		ED49108D16F00EAD00AAE59E /* computer_center.png */ = {isa = PBXFileReference; lastKnownFileType = image.png; path = computer_center.png; sourceTree = "<group>"; };
		ED49108E16F00EAD00AAE59E /* conrad.png */ = {isa = PBXFileReference; lastKnownFileType = image.png; path = conrad.png; sourceTree = "<group>"; };
		ED49108F16F00EAD00AAE59E /* cook.png */ = {isa = PBXFileReference; lastKnownFileType = image.png; path = cook.png; sourceTree = "<group>"; };
		ED49109016F00EAD00AAE59E /* cowles_house.png */ = {isa = PBXFileReference; lastKnownFileType = image.png; path = cowles_house.png; sourceTree = "<group>"; };
		ED49109116F00EAD00AAE59E /* cyclotron.png */ = {isa = PBXFileReference; lastKnownFileType = image.png; path = cyclotron.png; sourceTree = "<group>"; };
		ED49109216F00EAD00AAE59E /* daugherty.png */ = {isa = PBXFileReference; lastKnownFileType = image.png; path = daugherty.png; sourceTree = "<group>"; };
		ED49109316F00EAD00AAE59E /* demonstration.png */ = {isa = PBXFileReference; lastKnownFileType = image.png; path = demonstration.png; sourceTree = "<group>"; };
		ED49109416F00EAD00AAE59E /* emmons_hall.png */ = {isa = PBXFileReference; lastKnownFileType = image.png; path = emmons_hall.png; sourceTree = "<group>"; };
		ED49109516F00EAD00AAE59E /* engineering.png */ = {isa = PBXFileReference; lastKnownFileType = image.png; path = engineering.png; sourceTree = "<group>"; };
		ED49109616F00EAD00AAE59E /* engresearch.png */ = {isa = PBXFileReference; lastKnownFileType = image.png; path = engresearch.png; sourceTree = "<group>"; };
		ED49109716F00EAD00AAE59E /* eppley.png */ = {isa = PBXFileReference; lastKnownFileType = image.png; path = eppley.png; sourceTree = "<group>"; };
		ED49109816F00EAD00AAE59E /* erickson.png */ = {isa = PBXFileReference; lastKnownFileType = image.png; path = erickson.png; sourceTree = "<group>"; };
		ED49109916F00EAD00AAE59E /* eustace_cole.png */ = {isa = PBXFileReference; lastKnownFileType = image.png; path = eustace_cole.png; sourceTree = "<group>"; };
		ED49109A16F00EAD00AAE59E /* farrall.png */ = {isa = PBXFileReference; lastKnownFileType = image.png; path = farrall.png; sourceTree = "<group>"; };
		ED49109B16F00EAD00AAE59E /* fee.png */ = {isa = PBXFileReference; lastKnownFileType = image.png; path = fee.png; sourceTree = "<group>"; };
		ED49109C16F00EAD00AAE59E /* fire.png */ = {isa = PBXFileReference; lastKnownFileType = image.png; path = fire.png; sourceTree = "<group>"; };
		ED49109D16F00EAD00AAE59E /* food_safety.png */ = {isa = PBXFileReference; lastKnownFileType = image.png; path = food_safety.png; sourceTree = "<group>"; };
		ED49109E16F00EAD00AAE59E /* foodsci.png */ = {isa = PBXFileReference; lastKnownFileType = image.png; path = foodsci.png; sourceTree = "<group>"; };
		ED49109F16F00EAD00AAE59E /* foodstores.png */ = {isa = PBXFileReference; lastKnownFileType = image.png; path = foodstores.png; sourceTree = "<group>"; };
		ED4910A016F00EAE00AAE59E /* geography.png */ = {isa = PBXFileReference; lastKnownFileType = image.png; path = geography.png; sourceTree = "<group>"; };
		ED4910A116F00EAE00AAE59E /* gilchrist.png */ = {isa = PBXFileReference; lastKnownFileType = image.png; path = gilchrist.png; sourceTree = "<group>"; };
		ED4910A216F00EAE00AAE59E /* giltner.png */ = {isa = PBXFileReference; lastKnownFileType = image.png; path = giltner.png; sourceTree = "<group>"; };
		ED4910A316F00EAE00AAE59E /* greenarrow.png */ = {isa = PBXFileReference; lastKnownFileType = image.png; path = greenarrow.png; sourceTree = "<group>"; };
		ED4910A416F00EAE00AAE59E /* hannah.png */ = {isa = PBXFileReference; lastKnownFileType = image.png; path = hannah.png; sourceTree = "<group>"; };
		ED4910A516F00EAE00AAE59E /* holden.png */ = {isa = PBXFileReference; lastKnownFileType = image.png; path = holden.png; sourceTree = "<group>"; };
		ED4910A616F00EAE00AAE59E /* holmes.png */ = {isa = PBXFileReference; lastKnownFileType = image.png; path = holmes.png; sourceTree = "<group>"; };
		ED4910A716F00EAE00AAE59E /* hubbard.png */ = {isa = PBXFileReference; lastKnownFileType = image.png; path = hubbard.png; sourceTree = "<group>"; };
		ED4910A816F00EAE00AAE59E /* humanecology.png */ = {isa = PBXFileReference; lastKnownFileType = image.png; path = humanecology.png; sourceTree = "<group>"; };
		ED4910A916F00EAE00AAE59E /* ic_dictionary.png */ = {isa = PBXFileReference; lastKnownFileType = image.png; path = ic_dictionary.png; sourceTree = "<group>"; };
		ED4910AA16F00EAE00AAE59E /* im_sports_west.png */ = {isa = PBXFileReference; lastKnownFileType = image.png; path = im_sports_west.png; sourceTree = "<group>"; };
		ED4910AB16F00EAE00AAE59E /* imcircle.png */ = {isa = PBXFileReference; lastKnownFileType = image.png; path = imcircle.png; sourceTree = "<group>"; };
		ED4910AC16F00EAE00AAE59E /* imeast.png */ = {isa = PBXFileReference; lastKnownFileType = image.png; path = imeast.png; sourceTree = "<group>"; };
		ED4910AD16F00EAE00AAE59E /* instrmedia.png */ = {isa = PBXFileReference; lastKnownFileType = image.png; path = instrmedia.png; sourceTree = "<group>"; };
		ED4910AE16F00EAE00AAE59E /* internatcen.png */ = {isa = PBXFileReference; lastKnownFileType = image.png; path = internatcen.png; sourceTree = "<group>"; };
		ED4910AF16F00EAE00AAE59E /* jenison.png */ = {isa = PBXFileReference; lastKnownFileType = image.png; path = jenison.png; sourceTree = "<group>"; };
		ED4910B016F00EAE00AAE59E /* kedzie.png */ = {isa = PBXFileReference; lastKnownFileType = image.png; path = kedzie.png; sourceTree = "<group>"; };
		ED4910B116F00EAE00AAE59E /* kellogg_center.png */ = {isa = PBXFileReference; lastKnownFileType = image.png; path = kellogg_center.png; sourceTree = "<group>"; };
		ED4910B216F00EAE00AAE59E /* kresge.png */ = {isa = PBXFileReference; lastKnownFileType = image.png; path = kresge.png; sourceTree = "<group>"; };
		ED4910B316F00EAE00AAE59E /* landon.png */ = {isa = PBXFileReference; lastKnownFileType = image.png; path = landon.png; sourceTree = "<group>"; };
		ED4910B416F00EAE00AAE59E /* laundry.png */ = {isa = PBXFileReference; lastKnownFileType = image.png; path = laundry.png; sourceTree = "<group>"; };
		ED4910B516F00EAE00AAE59E /* library.png */ = {isa = PBXFileReference; lastKnownFileType = image.png; path = library.png; sourceTree = "<group>"; };
		ED4910B616F00EAE00AAE59E /* life.png */ = {isa = PBXFileReference; lastKnownFileType = image.png; path = life.png; sourceTree = "<group>"; };
		ED4910B716F00EAE00AAE59E /* linton.png */ = {isa = PBXFileReference; lastKnownFileType = image.png; path = linton.png; sourceTree = "<group>"; };
		ED4910B816F00EAE00AAE59E /* manlymiles.png */ = {isa = PBXFileReference; lastKnownFileType = image.png; path = manlymiles.png; sourceTree = "<group>"; };
		ED4910B916F00EAE00AAE59E /* marshall_adams.png */ = {isa = PBXFileReference; lastKnownFileType = image.png; path = marshall_adams.png; sourceTree = "<group>"; };
		ED4910BA16F00EAE00AAE59E /* marymayo.png */ = {isa = PBXFileReference; lastKnownFileType = image.png; path = marymayo.png; sourceTree = "<group>"; };
		ED4910BB16F00EAE00AAE59E /* mason.png */ = {isa = PBXFileReference; lastKnownFileType = image.png; path = mason.png; sourceTree = "<group>"; };
		ED4910BC16F00EAE00AAE59E /* mcdonel.png */ = {isa = PBXFileReference; lastKnownFileType = image.png; path = mcdonel.png; sourceTree = "<group>"; };
		ED4910BD16F00EAE00AAE59E /* morrill.png */ = {isa = PBXFileReference; lastKnownFileType = image.png; path = morrill.png; sourceTree = "<group>"; };
		ED4910BE16F00EAE00AAE59E /* munn.png */ = {isa = PBXFileReference; lastKnownFileType = image.png; path = munn.png; sourceTree = "<group>"; };
		ED4910BF16F00EAE00AAE59E /* museum.png */ = {isa = PBXFileReference; lastKnownFileType = image.png; path = museum.png; sourceTree = "<group>"; };
		ED4910C016F00EAE00AAE59E /* music.png */ = {isa = PBXFileReference; lastKnownFileType = image.png; path = music.png; sourceTree = "<group>"; };
		ED4910C116F00EAE00AAE59E /* music_practice.png */ = {isa = PBXFileReference; lastKnownFileType = image.png; path = music_practice.png; sourceTree = "<group>"; };
		ED4910C216F00EAE00AAE59E /* natural_resources.png */ = {isa = PBXFileReference; lastKnownFileType = image.png; path = natural_resources.png; sourceTree = "<group>"; };
		ED4910C316F00EAE00AAE59E /* natural_science.png */ = {isa = PBXFileReference; lastKnownFileType = image.png; path = natural_science.png; sourceTree = "<group>"; };
		ED4910C416F00EAE00AAE59E /* nisbet.png */ = {isa = PBXFileReference; lastKnownFileType = image.png; path = nisbet.png; sourceTree = "<group>"; };
		ED4910C516F00EAE00AAE59E /* observatory.png */ = {isa = PBXFileReference; lastKnownFileType = image.png; path = observatory.png; sourceTree = "<group>"; };
		ED4910C616F00EAE00AAE59E /* old_botany.png */ = {isa = PBXFileReference; lastKnownFileType = image.png; path = old_botany.png; sourceTree = "<group>"; };
		ED4910C716F00EAE00AAE59E /* oldhort.png */ = {isa = PBXFileReference; lastKnownFileType = image.png; path = oldhort.png; sourceTree = "<group>"; };
		ED4910C816F00EAE00AAE59E /* olds.png */ = {isa = PBXFileReference; lastKnownFileType = image.png; path = olds.png; sourceTree = "<group>"; };
		ED4910C916F00EAE00AAE59E /* olin.png */ = {isa = PBXFileReference; lastKnownFileType = image.png; path = olin.png; sourceTree = "<group>"; };
		ED4910CA16F00EAE00AAE59E /* owen.png */ = {isa = PBXFileReference; lastKnownFileType = image.png; path = owen.png; sourceTree = "<group>"; };
		ED4910CB16F00EAE00AAE59E /* packaging.png */ = {isa = PBXFileReference; lastKnownFileType = image.png; path = packaging.png; sourceTree = "<group>"; };
		ED4910CC16F00EAE00AAE59E /* pavilion.png */ = {isa = PBXFileReference; lastKnownFileType = image.png; path = pavilion.png; sourceTree = "<group>"; };
		ED4910CD16F00EAE00AAE59E /* phillips.png */ = {isa = PBXFileReference; lastKnownFileType = image.png; path = phillips.png; sourceTree = "<group>"; };
		ED4910CE16F00EAE00AAE59E /* physplnt.png */ = {isa = PBXFileReference; lastKnownFileType = image.png; path = physplnt.png; sourceTree = "<group>"; };
		ED4910CF16F00EAE00AAE59E /* plantb.png */ = {isa = PBXFileReference; lastKnownFileType = image.png; path = plantb.png; sourceTree = "<group>"; };
		ED4910D016F00EAE00AAE59E /* plantscigrnhs.png */ = {isa = PBXFileReference; lastKnownFileType = image.png; path = plantscigrnhs.png; sourceTree = "<group>"; };
		ED4910D116F00EAE00AAE59E /* plantsoil.png */ = {isa = PBXFileReference; lastKnownFileType = image.png; path = plantsoil.png; sourceTree = "<group>"; };
		ED4910D216F00EAE00AAE59E /* plantsys.png */ = {isa = PBXFileReference; lastKnownFileType = image.png; path = plantsys.png; sourceTree = "<group>"; };
		ED4910D316F00EAE00AAE59E /* psych_bldg.png */ = {isa = PBXFileReference; lastKnownFileType = image.png; path = psych_bldg.png; sourceTree = "<group>"; };
		ED4910D416F00EAE00AAE59E /* pubsafety.png */ = {isa = PBXFileReference; lastKnownFileType = image.png; path = pubsafety.png; sourceTree = "<group>"; };
		ED4910D516F00EAE00AAE59E /* radiology.png */ = {isa = PBXFileReference; lastKnownFileType = image.png; path = radiology.png; sourceTree = "<group>"; };
		ED4910D616F00EAE00AAE59E /* rather_hall.png */ = {isa = PBXFileReference; lastKnownFileType = image.png; path = rather_hall.png; sourceTree = "<group>"; };
		ED4910D716F00EAE00AAE59E /* shaw.png */ = {isa = PBXFileReference; lastKnownFileType = image.png; path = shaw.png; sourceTree = "<group>"; };
		ED4910D816F00EAE00AAE59E /* simonpp.png */ = {isa = PBXFileReference; lastKnownFileType = image.png; path = simonpp.png; sourceTree = "<group>"; };
		ED4910D916F00EAE00AAE59E /* snyder.png */ = {isa = PBXFileReference; lastKnownFileType = image.png; path = snyder.png; sourceTree = "<group>"; };
		ED4910DA16F00EAE00AAE59E /* soilscires.png */ = {isa = PBXFileReference; lastKnownFileType = image.png; path = soilscires.png; sourceTree = "<group>"; };
		ED4910DB16F00EAE00AAE59E /* south_kedzie_hall.png */ = {isa = PBXFileReference; lastKnownFileType = image.png; path = south_kedzie_hall.png; sourceTree = "<group>"; };
		ED4910DC16F00EAE00AAE59E /* spartan2.png */ = {isa = PBXFileReference; lastKnownFileType = image.png; path = spartan2.png; sourceTree = "<group>"; };
		ED4910DD16F00EAE00AAE59E /* sparty_image.png */ = {isa = PBXFileReference; lastKnownFileType = image.png; path = sparty_image.png; sourceTree = "<group>"; };
		ED4910DE16F00EAE00AAE59E /* speechhear.png */ = {isa = PBXFileReference; lastKnownFileType = image.png; path = speechhear.png; sourceTree = "<group>"; };
		ED4910DF16F00EAE00AAE59E /* stadium.png */ = {isa = PBXFileReference; lastKnownFileType = image.png; path = stadium.png; sourceTree = "<group>"; };
		ED4910E016F00EAE00AAE59E /* student.png */ = {isa = PBXFileReference; lastKnownFileType = image.png; path = student.png; sourceTree = "<group>"; };
		ED4910E116F00EAE00AAE59E /* surplus.png */ = {isa = PBXFileReference; lastKnownFileType = image.png; path = surplus.png; sourceTree = "<group>"; };
		ED4910E216F00EAE00AAE59E /* svillage.png */ = {isa = PBXFileReference; lastKnownFileType = image.png; path = svillage.png; sourceTree = "<group>"; };
		ED4910E316F00EAE00AAE59E /* svillage_comcenter.png */ = {isa = PBXFileReference; lastKnownFileType = image.png; path = svillage_comcenter.png; sourceTree = "<group>"; };
		ED4910E416F00EAE00AAE59E /* tennis.png */ = {isa = PBXFileReference; lastKnownFileType = image.png; path = tennis.png; sourceTree = "<group>"; };
		ED4910E516F00EAE00AAE59E /* tennis1.png */ = {isa = PBXFileReference; lastKnownFileType = image.png; path = tennis1.png; sourceTree = "<group>"; };
		ED4910E616F00EAE00AAE59E /* union.png */ = {isa = PBXFileReference; lastKnownFileType = image.png; path = union.png; sourceTree = "<group>"; };
		ED4910E716F00EAE00AAE59E /* uvillage.png */ = {isa = PBXFileReference; lastKnownFileType = image.png; path = uvillage.png; sourceTree = "<group>"; };
		ED4910E816F00EAE00AAE59E /* vanhoosen.png */ = {isa = PBXFileReference; lastKnownFileType = image.png; path = vanhoosen.png; sourceTree = "<group>"; };
		ED4910E916F00EAE00AAE59E /* vetmed.png */ = {isa = PBXFileReference; lastKnownFileType = image.png; path = vetmed.png; sourceTree = "<group>"; };
		ED4910EA16F00EAE00AAE59E /* visitor_information.png */ = {isa = PBXFileReference; lastKnownFileType = image.png; path = visitor_information.png; sourceTree = "<group>"; };
		ED4910EB16F00EAE00AAE59E /* wells.png */ = {isa = PBXFileReference; lastKnownFileType = image.png; path = wells.png; sourceTree = "<group>"; };
		ED4910EC16F00EAE00AAE59E /* wharton.png */ = {isa = PBXFileReference; lastKnownFileType = image.png; path = wharton.png; sourceTree = "<group>"; };
		ED4910ED16F00EAE00AAE59E /* williams.png */ = {isa = PBXFileReference; lastKnownFileType = image.png; path = williams.png; sourceTree = "<group>"; };
		ED4910EE16F00EAE00AAE59E /* willshouse.png */ = {isa = PBXFileReference; lastKnownFileType = image.png; path = willshouse.png; sourceTree = "<group>"; };
		ED4910EF16F00EAE00AAE59E /* wilson.png */ = {isa = PBXFileReference; lastKnownFileType = image.png; path = wilson.png; sourceTree = "<group>"; };
		ED4910F016F00EAE00AAE59E /* wonders.png */ = {isa = PBXFileReference; lastKnownFileType = image.png; path = wonders.png; sourceTree = "<group>"; };
		ED4910F116F00EAE00AAE59E /* yakeley.png */ = {isa = PBXFileReference; lastKnownFileType = image.png; path = yakeley.png; sourceTree = "<group>"; };
		ED8E566E16FD457700D867A2 /* buildings_backup.txt */ = {isa = PBXFileReference; fileEncoding = 4; lastKnownFileType = text; name = buildings_backup.txt; path = raw/buildings_backup.txt; sourceTree = "<group>"; };
		ED8E567016FD45DF00D867A2 /* build_master.txt */ = {isa = PBXFileReference; fileEncoding = 4; lastKnownFileType = text; path = build_master.txt; sourceTree = "<group>"; };
/* End PBXFileReference section */

/* Begin PBXFrameworksBuildPhase section */
		24EC520716275785008D9BBF /* Frameworks */ = {
			isa = PBXFrameworksBuildPhase;
			buildActionMask = 2147483647;
			files = (
				24EC5264164E1232008D9BBF /* CoreLocation.framework in Frameworks */,
				24EC5262164E122B008D9BBF /* MapKit.framework in Frameworks */,
				24EC520F16275786008D9BBF /* UIKit.framework in Frameworks */,
				24EC521116275786008D9BBF /* Foundation.framework in Frameworks */,
				24EC521316275786008D9BBF /* CoreGraphics.framework in Frameworks */,
			);
			runOnlyForDeploymentPostprocessing = 0;
		};
		24EC523B16275786008D9BBF /* Frameworks */ = {
			isa = PBXFrameworksBuildPhase;
			buildActionMask = 2147483647;
			files = (
				24EC524116275786008D9BBF /* SenTestingKit.framework in Frameworks */,
				24EC524216275786008D9BBF /* UIKit.framework in Frameworks */,
				24EC524316275786008D9BBF /* Foundation.framework in Frameworks */,
			);
			runOnlyForDeploymentPostprocessing = 0;
		};
/* End PBXFrameworksBuildPhase section */

/* Begin PBXGroup section */
		24DFD0B9164F0E6A0034646D /* building_list */ = {
			isa = PBXGroup;
			children = (
				24DFD0C0164F5BEB0034646D /* Building.h */,
				ED49106E16F00DF300AAE59E /* Building.m */,
				24DFD0C6164F64BC0034646D /* BuildingSystem.h */,
				24DFD0C7164F64BC0034646D /* BuildingSystem.m */,
				24DFD0E4164F98160034646D /* BuildingTableViewController.h */,
				24DFD0D4164F75290034646D /* BuildingTableViewController.m */,
				24DFD0E5164F9F0A0034646D /* BuildingInfoViewController.h */,
				24DFD0E6164F9F0A0034646D /* BuildingInfoViewController.m */,
			);
			name = building_list;
			sourceTree = "<group>";
		};
		24DFD0C9164F677B0034646D /* Resources */ = {
			isa = PBXGroup;
			children = (
				ED49107016F00EAD00AAE59E /* drawable */,
				ED8E567016FD45DF00D867A2 /* build_master.txt */,
				ED8E566E16FD457700D867A2 /* buildings_backup.txt */,
			);
			name = Resources;
			sourceTree = "<group>";
		};
		24DFD0E1164F97AA0034646D /* backup */ = {
			isa = PBXGroup;
			children = (
			);
			path = backup;
			sourceTree = "<group>";
		};
		24DFD1EB16530D100034646D /* raw */ = {
			isa = PBXGroup;
			children = (
			);
			name = raw;
			sourceTree = "<group>";
		};
		24EC51FF16275785008D9BBF = {
			isa = PBXGroup;
			children = (
				24EC5282164ED209008D9BBF /* libsqlite3.0.dylib */,
				24EC5263164E1232008D9BBF /* CoreLocation.framework */,
				24EC5261164E122B008D9BBF /* MapKit.framework */,
				24EC521416275786008D9BBF /* msu_map */,
				24EC524616275786008D9BBF /* msu_mapTests */,
				24EC520D16275786008D9BBF /* Frameworks */,
				24EC520B16275786008D9BBF /* Products */,
			);
			sourceTree = "<group>";
		};
		24EC520B16275786008D9BBF /* Products */ = {
			isa = PBXGroup;
			children = (
				24EC520A16275786008D9BBF /* msu_map.app */,
				24EC523F16275786008D9BBF /* msu_mapTests.octest */,
			);
			name = Products;
			sourceTree = "<group>";
		};
		24EC520D16275786008D9BBF /* Frameworks */ = {
			isa = PBXGroup;
			children = (
				24EC520E16275786008D9BBF /* UIKit.framework */,
				24EC521016275786008D9BBF /* Foundation.framework */,
				24EC521216275786008D9BBF /* CoreGraphics.framework */,
				24EC524016275786008D9BBF /* SenTestingKit.framework */,
			);
			name = Frameworks;
			sourceTree = "<group>";
		};
		24EC521416275786008D9BBF /* msu_map */ = {
			isa = PBXGroup;
			children = (
				24DFD1EB16530D100034646D /* raw */,
				24DFD0E1164F97AA0034646D /* backup */,
				24DFD0C9164F677B0034646D /* Resources */,
				24DFD0B9164F0E6A0034646D /* building_list */,
				24EC5265164E1EC9008D9BBF /* map */,
				24EC521D16275786008D9BBF /* AppDelegate.h */,
				24EC521E16275786008D9BBF /* AppDelegate.m */,
				24EC522616275786008D9BBF /* MainStoryboard_iPhone.storyboard */,
				24EC522916275786008D9BBF /* MainStoryboard_iPad.storyboard */,
				24EC522F16275786008D9BBF /* first.png */,
				24EC523116275786008D9BBF /* first@2x.png */,
				24EC523616275786008D9BBF /* second.png */,
				24EC523816275786008D9BBF /* second@2x.png */,
				24EC521516275786008D9BBF /* Supporting Files */,
			);
			path = msu_map;
			sourceTree = "<group>";
		};
		24EC521516275786008D9BBF /* Supporting Files */ = {
			isa = PBXGroup;
			children = (
				24EC521616275786008D9BBF /* msu_map-Info.plist */,
				24EC521716275786008D9BBF /* InfoPlist.strings */,
				24EC521A16275786008D9BBF /* main.m */,
				24EC521C16275786008D9BBF /* msu_map-Prefix.pch */,
				24EC522016275786008D9BBF /* Default.png */,
				24EC522216275786008D9BBF /* Default@2x.png */,
				24EC522416275786008D9BBF /* Default-568h@2x.png */,
			);
			name = "Supporting Files";
			sourceTree = "<group>";
		};
		24EC524616275786008D9BBF /* msu_mapTests */ = {
			isa = PBXGroup;
			children = (
				24EC524C16275786008D9BBF /* msu_mapTests.h */,
				24EC524D16275786008D9BBF /* msu_mapTests.m */,
				24EC524716275786008D9BBF /* Supporting Files */,
			);
			path = msu_mapTests;
			sourceTree = "<group>";
		};
		24EC524716275786008D9BBF /* Supporting Files */ = {
			isa = PBXGroup;
			children = (
				24EC524816275786008D9BBF /* msu_mapTests-Info.plist */,
				24EC524916275786008D9BBF /* InfoPlist.strings */,
			);
			name = "Supporting Files";
			sourceTree = "<group>";
		};
		24EC5265164E1EC9008D9BBF /* map */ = {
			isa = PBXGroup;
			children = (
				24EC522C16275786008D9BBF /* MapViewController.h */,
				24EC522D16275786008D9BBF /* MapViewController.m */,
				24EC5257164E065E008D9BBF /* CurrentLocation.h */,
				24EC5258164E065E008D9BBF /* CurrentLocation.m */,
				24EC527B164E4AD2008D9BBF /* MapView.h */,
				24EC527C164E4AD3008D9BBF /* MapView.m */,
				24EC526A164E2516008D9BBF /* JSONParser.h */,
				24EC526B164E2516008D9BBF /* JSONParser.m */,
			);
			name = map;
			sourceTree = "<group>";
		};
		ED49107016F00EAD00AAE59E /* drawable */ = {
			isa = PBXGroup;
			children = (
				ED49107116F00EAD00AAE59E /* abbot.png */,
				ED49107216F00EAD00AAE59E /* abrams.png */,
				ED49107316F00EAD00AAE59E /* agriculture.png */,
				ED49107416F00EAD00AAE59E /* akers.png */,
				ED49107516F00EAD00AAE59E /* alumni_chapel.png */,
				ED49107616F00EAD00AAE59E /* angell.png */,
				ED49107716F00EAD00AAE59E /* anthony_hall.png */,
				ED49107816F00EAD00AAE59E /* auditorium.png */,
				ED49107916F00EAD00AAE59E /* bailey_hall.png */,
				ED49107A16F00EAD00AAE59E /* baker.png */,
				ED49107B16F00EAD00AAE59E /* bcc.png */,
				ED49107C16F00EAD00AAE59E /* beal_garden.png */,
				ED49107D16F00EAD00AAE59E /* beaumont_tower.png */,
				ED49107E16F00EAD00AAE59E /* berkey.png */,
				ED49107F16F00EAD00AAE59E /* bessey.png */,
				ED49108016F00EAD00AAE59E /* biochem.png */,
				ED49108116F00EAD00AAE59E /* biomedical_physical_science.png */,
				ED49108216F00EAD00AAE59E /* breslin.png */,
				ED49108316F00EAD00AAE59E /* bryan_hall.png */,
				ED49108416F00EAD00AAE59E /* butterfield_hall.png */,
				ED49108516F00EAD00AAE59E /* campbell.png */,
				ED49108616F00EAD00AAE59E /* case_hall.png */,
				ED49108716F00EAD00AAE59E /* centralserv.png */,
				ED49108816F00EAD00AAE59E /* chemistry.png */,
				ED49108916F00EAD00AAE59E /* chittenden.png */,
				ED49108A16F00EAD00AAE59E /* clinicalcenter.png */,
				ED49108B16F00EAD00AAE59E /* college_of_law.png */,
				ED49108C16F00EAD00AAE59E /* communication.png */,
				ED49108D16F00EAD00AAE59E /* computer_center.png */,
				ED49108E16F00EAD00AAE59E /* conrad.png */,
				ED49108F16F00EAD00AAE59E /* cook.png */,
				ED49109016F00EAD00AAE59E /* cowles_house.png */,
				ED49109116F00EAD00AAE59E /* cyclotron.png */,
				ED49109216F00EAD00AAE59E /* daugherty.png */,
				ED49109316F00EAD00AAE59E /* demonstration.png */,
				ED49109416F00EAD00AAE59E /* emmons_hall.png */,
				ED49109516F00EAD00AAE59E /* engineering.png */,
				ED49109616F00EAD00AAE59E /* engresearch.png */,
				ED49109716F00EAD00AAE59E /* eppley.png */,
				ED49109816F00EAD00AAE59E /* erickson.png */,
				ED49109916F00EAD00AAE59E /* eustace_cole.png */,
				ED49109A16F00EAD00AAE59E /* farrall.png */,
				ED49109B16F00EAD00AAE59E /* fee.png */,
				ED49109C16F00EAD00AAE59E /* fire.png */,
				ED49109D16F00EAD00AAE59E /* food_safety.png */,
				ED49109E16F00EAD00AAE59E /* foodsci.png */,
				ED49109F16F00EAD00AAE59E /* foodstores.png */,
				ED4910A016F00EAE00AAE59E /* geography.png */,
				ED4910A116F00EAE00AAE59E /* gilchrist.png */,
				ED4910A216F00EAE00AAE59E /* giltner.png */,
				ED4910A316F00EAE00AAE59E /* greenarrow.png */,
				ED4910A416F00EAE00AAE59E /* hannah.png */,
				ED4910A516F00EAE00AAE59E /* holden.png */,
				ED4910A616F00EAE00AAE59E /* holmes.png */,
				ED4910A716F00EAE00AAE59E /* hubbard.png */,
				ED4910A816F00EAE00AAE59E /* humanecology.png */,
				ED4910A916F00EAE00AAE59E /* ic_dictionary.png */,
				ED4910AA16F00EAE00AAE59E /* im_sports_west.png */,
				ED4910AB16F00EAE00AAE59E /* imcircle.png */,
				ED4910AC16F00EAE00AAE59E /* imeast.png */,
				ED4910AD16F00EAE00AAE59E /* instrmedia.png */,
				ED4910AE16F00EAE00AAE59E /* internatcen.png */,
				ED4910AF16F00EAE00AAE59E /* jenison.png */,
				ED4910B016F00EAE00AAE59E /* kedzie.png */,
				ED4910B116F00EAE00AAE59E /* kellogg_center.png */,
				ED4910B216F00EAE00AAE59E /* kresge.png */,
				ED4910B316F00EAE00AAE59E /* landon.png */,
				ED4910B416F00EAE00AAE59E /* laundry.png */,
				ED4910B516F00EAE00AAE59E /* library.png */,
				ED4910B616F00EAE00AAE59E /* life.png */,
				ED4910B716F00EAE00AAE59E /* linton.png */,
				ED4910B816F00EAE00AAE59E /* manlymiles.png */,
				ED4910B916F00EAE00AAE59E /* marshall_adams.png */,
				ED4910BA16F00EAE00AAE59E /* marymayo.png */,
				ED4910BB16F00EAE00AAE59E /* mason.png */,
				ED4910BC16F00EAE00AAE59E /* mcdonel.png */,
				ED4910BD16F00EAE00AAE59E /* morrill.png */,
				ED4910BE16F00EAE00AAE59E /* munn.png */,
				ED4910BF16F00EAE00AAE59E /* museum.png */,
				ED4910C016F00EAE00AAE59E /* music.png */,
				ED4910C116F00EAE00AAE59E /* music_practice.png */,
				ED4910C216F00EAE00AAE59E /* natural_resources.png */,
				ED4910C316F00EAE00AAE59E /* natural_science.png */,
				ED4910C416F00EAE00AAE59E /* nisbet.png */,
				ED4910C516F00EAE00AAE59E /* observatory.png */,
				ED4910C616F00EAE00AAE59E /* old_botany.png */,
				ED4910C716F00EAE00AAE59E /* oldhort.png */,
				ED4910C816F00EAE00AAE59E /* olds.png */,
				ED4910C916F00EAE00AAE59E /* olin.png */,
				ED4910CA16F00EAE00AAE59E /* owen.png */,
				ED4910CB16F00EAE00AAE59E /* packaging.png */,
				ED4910CC16F00EAE00AAE59E /* pavilion.png */,
				ED4910CD16F00EAE00AAE59E /* phillips.png */,
				ED4910CE16F00EAE00AAE59E /* physplnt.png */,
				ED4910CF16F00EAE00AAE59E /* plantb.png */,
				ED4910D016F00EAE00AAE59E /* plantscigrnhs.png */,
				ED4910D116F00EAE00AAE59E /* plantsoil.png */,
				ED4910D216F00EAE00AAE59E /* plantsys.png */,
				ED4910D316F00EAE00AAE59E /* psych_bldg.png */,
				ED4910D416F00EAE00AAE59E /* pubsafety.png */,
				ED4910D516F00EAE00AAE59E /* radiology.png */,
				ED4910D616F00EAE00AAE59E /* rather_hall.png */,
				ED4910D716F00EAE00AAE59E /* shaw.png */,
				ED4910D816F00EAE00AAE59E /* simonpp.png */,
				ED4910D916F00EAE00AAE59E /* snyder.png */,
				ED4910DA16F00EAE00AAE59E /* soilscires.png */,
				ED4910DB16F00EAE00AAE59E /* south_kedzie_hall.png */,
				ED4910DC16F00EAE00AAE59E /* spartan2.png */,
				ED4910DD16F00EAE00AAE59E /* sparty_image.png */,
				ED4910DE16F00EAE00AAE59E /* speechhear.png */,
				ED4910DF16F00EAE00AAE59E /* stadium.png */,
				ED4910E016F00EAE00AAE59E /* student.png */,
				ED4910E116F00EAE00AAE59E /* surplus.png */,
				ED4910E216F00EAE00AAE59E /* svillage.png */,
				ED4910E316F00EAE00AAE59E /* svillage_comcenter.png */,
				ED4910E416F00EAE00AAE59E /* tennis.png */,
				ED4910E516F00EAE00AAE59E /* tennis1.png */,
				ED4910E616F00EAE00AAE59E /* union.png */,
				ED4910E716F00EAE00AAE59E /* uvillage.png */,
				ED4910E816F00EAE00AAE59E /* vanhoosen.png */,
				ED4910E916F00EAE00AAE59E /* vetmed.png */,
				ED4910EA16F00EAE00AAE59E /* visitor_information.png */,
				ED4910EB16F00EAE00AAE59E /* wells.png */,
				ED4910EC16F00EAE00AAE59E /* wharton.png */,
				ED4910ED16F00EAE00AAE59E /* williams.png */,
				ED4910EE16F00EAE00AAE59E /* willshouse.png */,
				ED4910EF16F00EAE00AAE59E /* wilson.png */,
				ED4910F016F00EAE00AAE59E /* wonders.png */,
				ED4910F116F00EAE00AAE59E /* yakeley.png */,
			);
			name = drawable;
			path = "../../../Downloads/MSUPaths_Android-master/res/drawable";
			sourceTree = "<group>";
		};
/* End PBXGroup section */

/* Begin PBXNativeTarget section */
		24EC520916275785008D9BBF /* msu_map */ = {
			isa = PBXNativeTarget;
			buildConfigurationList = 24EC525116275787008D9BBF /* Build configuration list for PBXNativeTarget "msu_map" */;
			buildPhases = (
				24EC520616275785008D9BBF /* Sources */,
				24EC520716275785008D9BBF /* Frameworks */,
				24EC520816275785008D9BBF /* Resources */,
			);
			buildRules = (
			);
			dependencies = (
			);
			name = msu_map;
			productName = msu_map;
			productReference = 24EC520A16275786008D9BBF /* msu_map.app */;
			productType = "com.apple.product-type.application";
		};
		24EC523E16275786008D9BBF /* msu_mapTests */ = {
			isa = PBXNativeTarget;
			buildConfigurationList = 24EC525416275787008D9BBF /* Build configuration list for PBXNativeTarget "msu_mapTests" */;
			buildPhases = (
				24EC523A16275786008D9BBF /* Sources */,
				24EC523B16275786008D9BBF /* Frameworks */,
				24EC523C16275786008D9BBF /* Resources */,
				24EC523D16275786008D9BBF /* ShellScript */,
			);
			buildRules = (
			);
			dependencies = (
				24EC524516275786008D9BBF /* PBXTargetDependency */,
			);
			name = msu_mapTests;
			productName = msu_mapTests;
			productReference = 24EC523F16275786008D9BBF /* msu_mapTests.octest */;
			productType = "com.apple.product-type.bundle";
		};
/* End PBXNativeTarget section */

/* Begin PBXProject section */
		24EC520116275785008D9BBF /* Project object */ = {
			isa = PBXProject;
			attributes = {
				LastUpgradeCheck = 0450;
				ORGANIZATIONNAME = "Minh Pham";
			};
			buildConfigurationList = 24EC520416275785008D9BBF /* Build configuration list for PBXProject "msu_map" */;
			compatibilityVersion = "Xcode 3.2";
			developmentRegion = English;
			hasScannedForEncodings = 0;
			knownRegions = (
				en,
			);
			mainGroup = 24EC51FF16275785008D9BBF;
			productRefGroup = 24EC520B16275786008D9BBF /* Products */;
			projectDirPath = "";
			projectRoot = "";
			targets = (
				24EC520916275785008D9BBF /* msu_map */,
				24EC523E16275786008D9BBF /* msu_mapTests */,
			);
		};
/* End PBXProject section */

/* Begin PBXResourcesBuildPhase section */
		24EC520816275785008D9BBF /* Resources */ = {
			isa = PBXResourcesBuildPhase;
			buildActionMask = 2147483647;
			files = (
				24EC521916275786008D9BBF /* InfoPlist.strings in Resources */,
				24EC522116275786008D9BBF /* Default.png in Resources */,
				24EC522316275786008D9BBF /* Default@2x.png in Resources */,
				24EC522516275786008D9BBF /* Default-568h@2x.png in Resources */,
				24EC522816275786008D9BBF /* MainStoryboard_iPhone.storyboard in Resources */,
				24EC522B16275786008D9BBF /* MainStoryboard_iPad.storyboard in Resources */,
				24EC523016275786008D9BBF /* first.png in Resources */,
				24EC523216275786008D9BBF /* first@2x.png in Resources */,
				24EC523716275786008D9BBF /* second.png in Resources */,
				24EC523916275786008D9BBF /* second@2x.png in Resources */,
				ED4910F216F00EAE00AAE59E /* abbot.png in Resources */,
				ED4910F316F00EAE00AAE59E /* abrams.png in Resources */,
				ED4910F416F00EAE00AAE59E /* agriculture.png in Resources */,
				ED4910F516F00EAE00AAE59E /* akers.png in Resources */,
				ED4910F616F00EAE00AAE59E /* alumni_chapel.png in Resources */,
				ED4910F716F00EAE00AAE59E /* angell.png in Resources */,
				ED4910F816F00EAE00AAE59E /* anthony_hall.png in Resources */,
				ED4910F916F00EAE00AAE59E /* auditorium.png in Resources */,
				ED4910FA16F00EAE00AAE59E /* bailey_hall.png in Resources */,
				ED4910FB16F00EAE00AAE59E /* baker.png in Resources */,
				ED4910FC16F00EAE00AAE59E /* bcc.png in Resources */,
				ED4910FD16F00EAE00AAE59E /* beal_garden.png in Resources */,
				ED4910FE16F00EAE00AAE59E /* beaumont_tower.png in Resources */,
				ED4910FF16F00EAE00AAE59E /* berkey.png in Resources */,
				ED49110016F00EAE00AAE59E /* bessey.png in Resources */,
				ED49110116F00EAE00AAE59E /* biochem.png in Resources */,
				ED49110216F00EAE00AAE59E /* biomedical_physical_science.png in Resources */,
				ED49110316F00EAE00AAE59E /* breslin.png in Resources */,
				ED49110416F00EAE00AAE59E /* bryan_hall.png in Resources */,
				ED49110516F00EAE00AAE59E /* butterfield_hall.png in Resources */,
				ED49110616F00EAE00AAE59E /* campbell.png in Resources */,
				ED49110716F00EAE00AAE59E /* case_hall.png in Resources */,
				ED49110816F00EAE00AAE59E /* centralserv.png in Resources */,
				ED49110916F00EAE00AAE59E /* chemistry.png in Resources */,
				ED49110A16F00EAE00AAE59E /* chittenden.png in Resources */,
				ED49110B16F00EAE00AAE59E /* clinicalcenter.png in Resources */,
				ED49110C16F00EAE00AAE59E /* college_of_law.png in Resources */,
				ED49110D16F00EAE00AAE59E /* communication.png in Resources */,
				ED49110E16F00EAE00AAE59E /* computer_center.png in Resources */,
				ED49110F16F00EAE00AAE59E /* conrad.png in Resources */,
				ED49111016F00EAE00AAE59E /* cook.png in Resources */,
				ED49111116F00EAE00AAE59E /* cowles_house.png in Resources */,
				ED49111216F00EAE00AAE59E /* cyclotron.png in Resources */,
				ED49111316F00EAE00AAE59E /* daugherty.png in Resources */,
				ED49111416F00EAE00AAE59E /* demonstration.png in Resources */,
				ED49111516F00EAE00AAE59E /* emmons_hall.png in Resources */,
				ED49111616F00EAE00AAE59E /* engineering.png in Resources */,
				ED49111716F00EAE00AAE59E /* engresearch.png in Resources */,
				ED49111816F00EAE00AAE59E /* eppley.png in Resources */,
				ED49111916F00EAE00AAE59E /* erickson.png in Resources */,
				ED49111A16F00EAE00AAE59E /* eustace_cole.png in Resources */,
				ED49111B16F00EAE00AAE59E /* farrall.png in Resources */,
				ED49111C16F00EAE00AAE59E /* fee.png in Resources */,
				ED49111D16F00EAE00AAE59E /* fire.png in Resources */,
				ED49111E16F00EAE00AAE59E /* food_safety.png in Resources */,
				ED49111F16F00EAE00AAE59E /* foodsci.png in Resources */,
				ED49112016F00EAE00AAE59E /* foodstores.png in Resources */,
				ED49112116F00EAE00AAE59E /* geography.png in Resources */,
				ED49112216F00EAE00AAE59E /* gilchrist.png in Resources */,
				ED49112316F00EAE00AAE59E /* giltner.png in Resources */,
				ED49112416F00EAE00AAE59E /* greenarrow.png in Resources */,
				ED49112516F00EAE00AAE59E /* hannah.png in Resources */,
				ED49112616F00EAE00AAE59E /* holden.png in Resources */,
				ED49112716F00EAE00AAE59E /* holmes.png in Resources */,
				ED49112816F00EAE00AAE59E /* hubbard.png in Resources */,
				ED49112916F00EAE00AAE59E /* humanecology.png in Resources */,
				ED49112A16F00EAE00AAE59E /* ic_dictionary.png in Resources */,
				ED49112B16F00EAE00AAE59E /* im_sports_west.png in Resources */,
				ED49112C16F00EAE00AAE59E /* imcircle.png in Resources */,
				ED49112D16F00EAE00AAE59E /* imeast.png in Resources */,
				ED49112E16F00EAE00AAE59E /* instrmedia.png in Resources */,
				ED49112F16F00EAE00AAE59E /* internatcen.png in Resources */,
				ED49113016F00EAE00AAE59E /* jenison.png in Resources */,
				ED49113116F00EAE00AAE59E /* kedzie.png in Resources */,
				ED49113216F00EAE00AAE59E /* kellogg_center.png in Resources */,
				ED49113316F00EAE00AAE59E /* kresge.png in Resources */,
				ED49113416F00EAE00AAE59E /* landon.png in Resources */,
				ED49113516F00EAE00AAE59E /* laundry.png in Resources */,
				ED49113616F00EAE00AAE59E /* library.png in Resources */,
				ED49113716F00EAE00AAE59E /* life.png in Resources */,
				ED49113816F00EAE00AAE59E /* linton.png in Resources */,
				ED49113916F00EAE00AAE59E /* manlymiles.png in Resources */,
				ED49113A16F00EAE00AAE59E /* marshall_adams.png in Resources */,
				ED49113B16F00EAE00AAE59E /* marymayo.png in Resources */,
				ED49113C16F00EAE00AAE59E /* mason.png in Resources */,
				ED49113D16F00EAE00AAE59E /* mcdonel.png in Resources */,
				ED49113E16F00EAE00AAE59E /* morrill.png in Resources */,
				ED49113F16F00EAE00AAE59E /* munn.png in Resources */,
				ED49114016F00EAE00AAE59E /* museum.png in Resources */,
				ED49114116F00EAE00AAE59E /* music.png in Resources */,
				ED49114216F00EAE00AAE59E /* music_practice.png in Resources */,
				ED49114316F00EAE00AAE59E /* natural_resources.png in Resources */,
				ED49114416F00EAE00AAE59E /* natural_science.png in Resources */,
				ED49114516F00EAE00AAE59E /* nisbet.png in Resources */,
				ED49114616F00EAE00AAE59E /* observatory.png in Resources */,
				ED49114716F00EAE00AAE59E /* old_botany.png in Resources */,
				ED49114816F00EAE00AAE59E /* oldhort.png in Resources */,
				ED49114916F00EAE00AAE59E /* olds.png in Resources */,
				ED49114A16F00EAE00AAE59E /* olin.png in Resources */,
				ED49114B16F00EAE00AAE59E /* owen.png in Resources */,
				ED49114C16F00EAE00AAE59E /* packaging.png in Resources */,
				ED49114D16F00EAE00AAE59E /* pavilion.png in Resources */,
				ED49114E16F00EAE00AAE59E /* phillips.png in Resources */,
				ED49114F16F00EAE00AAE59E /* physplnt.png in Resources */,
				ED49115016F00EAE00AAE59E /* plantb.png in Resources */,
				ED49115116F00EAE00AAE59E /* plantscigrnhs.png in Resources */,
				ED49115216F00EAE00AAE59E /* plantsoil.png in Resources */,
				ED49115316F00EAE00AAE59E /* plantsys.png in Resources */,
				ED49115416F00EAE00AAE59E /* psych_bldg.png in Resources */,
				ED49115516F00EAE00AAE59E /* pubsafety.png in Resources */,
				ED49115616F00EAE00AAE59E /* radiology.png in Resources */,
				ED49115716F00EAE00AAE59E /* rather_hall.png in Resources */,
				ED49115816F00EAE00AAE59E /* shaw.png in Resources */,
				ED49115916F00EAE00AAE59E /* simonpp.png in Resources */,
				ED49115A16F00EAE00AAE59E /* snyder.png in Resources */,
				ED49115B16F00EAE00AAE59E /* soilscires.png in Resources */,
				ED49115C16F00EAE00AAE59E /* south_kedzie_hall.png in Resources */,
				ED49115D16F00EAE00AAE59E /* spartan2.png in Resources */,
				ED49115E16F00EAE00AAE59E /* sparty_image.png in Resources */,
				ED49115F16F00EAE00AAE59E /* speechhear.png in Resources */,
				ED49116016F00EAE00AAE59E /* stadium.png in Resources */,
				ED49116116F00EAE00AAE59E /* student.png in Resources */,
				ED49116216F00EAE00AAE59E /* surplus.png in Resources */,
				ED49116316F00EAE00AAE59E /* svillage.png in Resources */,
				ED49116416F00EAE00AAE59E /* svillage_comcenter.png in Resources */,
				ED49116516F00EAE00AAE59E /* tennis.png in Resources */,
				ED49116616F00EAE00AAE59E /* tennis1.png in Resources */,
				ED49116716F00EAE00AAE59E /* union.png in Resources */,
				ED49116816F00EAE00AAE59E /* uvillage.png in Resources */,
				ED49116916F00EAE00AAE59E /* vanhoosen.png in Resources */,
				ED49116A16F00EAE00AAE59E /* vetmed.png in Resources */,
				ED49116B16F00EAE00AAE59E /* visitor_information.png in Resources */,
				ED49116C16F00EAE00AAE59E /* wells.png in Resources */,
				ED49116D16F00EAE00AAE59E /* wharton.png in Resources */,
				ED49116E16F00EAE00AAE59E /* williams.png in Resources */,
				ED49116F16F00EAE00AAE59E /* willshouse.png in Resources */,
				ED49117016F00EAE00AAE59E /* wilson.png in Resources */,
				ED49117116F00EAE00AAE59E /* wonders.png in Resources */,
				ED49117216F00EAE00AAE59E /* yakeley.png in Resources */,
				ED8E566F16FD457700D867A2 /* buildings_backup.txt in Resources */,
				ED8E567116FD45DF00D867A2 /* build_master.txt in Resources */,
			);
			runOnlyForDeploymentPostprocessing = 0;
		};
		24EC523C16275786008D9BBF /* Resources */ = {
			isa = PBXResourcesBuildPhase;
			buildActionMask = 2147483647;
			files = (
				24EC524B16275786008D9BBF /* InfoPlist.strings in Resources */,
			);
			runOnlyForDeploymentPostprocessing = 0;
		};
/* End PBXResourcesBuildPhase section */

/* Begin PBXShellScriptBuildPhase section */
		24EC523D16275786008D9BBF /* ShellScript */ = {
			isa = PBXShellScriptBuildPhase;
			buildActionMask = 2147483647;
			files = (
			);
			inputPaths = (
			);
			outputPaths = (
			);
			runOnlyForDeploymentPostprocessing = 0;
			shellPath = /bin/sh;
			shellScript = "# Run the unit tests in this test bundle.\n\"${SYSTEM_DEVELOPER_DIR}/Tools/RunUnitTests\"\n";
		};
/* End PBXShellScriptBuildPhase section */

/* Begin PBXSourcesBuildPhase section */
		24EC520616275785008D9BBF /* Sources */ = {
			isa = PBXSourcesBuildPhase;
			buildActionMask = 2147483647;
			files = (
				24EC521B16275786008D9BBF /* main.m in Sources */,
				24EC521F16275786008D9BBF /* AppDelegate.m in Sources */,
				24EC522E16275786008D9BBF /* MapViewController.m in Sources */,
				24EC5259164E065E008D9BBF /* CurrentLocation.m in Sources */,
				24EC526C164E2516008D9BBF /* JSONParser.m in Sources */,
				24EC527D164E4AD3008D9BBF /* MapView.m in Sources */,
				24DFD0C8164F64BC0034646D /* BuildingSystem.m in Sources */,
				24DFD0D5164F75290034646D /* BuildingTableViewController.m in Sources */,
				24DFD0E7164F9F0A0034646D /* BuildingInfoViewController.m in Sources */,
				ED49106F16F00DF300AAE59E /* Building.m in Sources */,
			);
			runOnlyForDeploymentPostprocessing = 0;
		};
		24EC523A16275786008D9BBF /* Sources */ = {
			isa = PBXSourcesBuildPhase;
			buildActionMask = 2147483647;
			files = (
				24EC524E16275786008D9BBF /* msu_mapTests.m in Sources */,
			);
			runOnlyForDeploymentPostprocessing = 0;
		};
/* End PBXSourcesBuildPhase section */

/* Begin PBXTargetDependency section */
		24EC524516275786008D9BBF /* PBXTargetDependency */ = {
			isa = PBXTargetDependency;
			target = 24EC520916275785008D9BBF /* msu_map */;
			targetProxy = 24EC524416275786008D9BBF /* PBXContainerItemProxy */;
		};
/* End PBXTargetDependency section */

/* Begin PBXVariantGroup section */
		24EC521716275786008D9BBF /* InfoPlist.strings */ = {
			isa = PBXVariantGroup;
			children = (
				24EC521816275786008D9BBF /* en */,
			);
			name = InfoPlist.strings;
			sourceTree = "<group>";
		};
		24EC522616275786008D9BBF /* MainStoryboard_iPhone.storyboard */ = {
			isa = PBXVariantGroup;
			children = (
				24EC522716275786008D9BBF /* en */,
			);
			name = MainStoryboard_iPhone.storyboard;
			sourceTree = "<group>";
		};
		24EC522916275786008D9BBF /* MainStoryboard_iPad.storyboard */ = {
			isa = PBXVariantGroup;
			children = (
				24EC522A16275786008D9BBF /* en */,
			);
			name = MainStoryboard_iPad.storyboard;
			sourceTree = "<group>";
		};
		24EC524916275786008D9BBF /* InfoPlist.strings */ = {
			isa = PBXVariantGroup;
			children = (
				24EC524A16275786008D9BBF /* en */,
			);
			name = InfoPlist.strings;
			sourceTree = "<group>";
		};
/* End PBXVariantGroup section */

/* Begin XCBuildConfiguration section */
		24EC524F16275786008D9BBF /* Debug */ = {
			isa = XCBuildConfiguration;
			buildSettings = {
				ALWAYS_SEARCH_USER_PATHS = NO;
				CLANG_CXX_LANGUAGE_STANDARD = "gnu++0x";
				CLANG_CXX_LIBRARY = "libc++";
				CLANG_ENABLE_OBJC_ARC = YES;
				CLANG_WARN_EMPTY_BODY = YES;
				CLANG_WARN__DUPLICATE_METHOD_MATCH = YES;
				"CODE_SIGN_IDENTITY[sdk=iphoneos*]" = "iPhone Developer";
				COPY_PHASE_STRIP = NO;
				GCC_C_LANGUAGE_STANDARD = gnu99;
				GCC_DYNAMIC_NO_PIC = NO;
				GCC_OPTIMIZATION_LEVEL = 0;
				GCC_PREPROCESSOR_DEFINITIONS = (
					"DEBUG=1",
					"$(inherited)",
				);
				GCC_SYMBOLS_PRIVATE_EXTERN = NO;
				GCC_WARN_ABOUT_RETURN_TYPE = YES;
				GCC_WARN_UNINITIALIZED_AUTOS = YES;
				GCC_WARN_UNUSED_VARIABLE = YES;
				IPHONEOS_DEPLOYMENT_TARGET = 6.0;
				ONLY_ACTIVE_ARCH = YES;
				SDKROOT = iphoneos;
				TARGETED_DEVICE_FAMILY = "1,2";
			};
			name = Debug;
		};
		24EC525016275786008D9BBF /* Release */ = {
			isa = XCBuildConfiguration;
			buildSettings = {
				ALWAYS_SEARCH_USER_PATHS = NO;
				CLANG_CXX_LANGUAGE_STANDARD = "gnu++0x";
				CLANG_CXX_LIBRARY = "libc++";
				CLANG_ENABLE_OBJC_ARC = YES;
				CLANG_WARN_EMPTY_BODY = YES;
				CLANG_WARN__DUPLICATE_METHOD_MATCH = YES;
				"CODE_SIGN_IDENTITY[sdk=iphoneos*]" = "iPhone Developer";
				COPY_PHASE_STRIP = YES;
				GCC_C_LANGUAGE_STANDARD = gnu99;
				GCC_WARN_ABOUT_RETURN_TYPE = YES;
				GCC_WARN_UNINITIALIZED_AUTOS = YES;
				GCC_WARN_UNUSED_VARIABLE = YES;
				IPHONEOS_DEPLOYMENT_TARGET = 6.0;
				OTHER_CFLAGS = "-DNS_BLOCK_ASSERTIONS=1";
				SDKROOT = iphoneos;
				TARGETED_DEVICE_FAMILY = "1,2";
				VALIDATE_PRODUCT = YES;
			};
			name = Release;
		};
		24EC525216275787008D9BBF /* Debug */ = {
			isa = XCBuildConfiguration;
			buildSettings = {
				GCC_PRECOMPILE_PREFIX_HEADER = YES;
				GCC_PREFIX_HEADER = "msu_map/msu_map-Prefix.pch";
				INFOPLIST_FILE = "msu_map/msu_map-Info.plist";
				IPHONEOS_DEPLOYMENT_TARGET = 5.0;
				PRODUCT_NAME = "$(TARGET_NAME)";
				TARGETED_DEVICE_FAMILY = 1;
				WRAPPER_EXTENSION = app;
			};
			name = Debug;
		};
		24EC525316275787008D9BBF /* Release */ = {
			isa = XCBuildConfiguration;
			buildSettings = {
				GCC_PRECOMPILE_PREFIX_HEADER = YES;
				GCC_PREFIX_HEADER = "msu_map/msu_map-Prefix.pch";
				INFOPLIST_FILE = "msu_map/msu_map-Info.plist";
				IPHONEOS_DEPLOYMENT_TARGET = 5.0;
				PRODUCT_NAME = "$(TARGET_NAME)";
				TARGETED_DEVICE_FAMILY = 1;
				WRAPPER_EXTENSION = app;
			};
			name = Release;
		};
		24EC525516275787008D9BBF /* Debug */ = {
			isa = XCBuildConfiguration;
			buildSettings = {
				BUNDLE_LOADER = "$(BUILT_PRODUCTS_DIR)/msu_map.app/msu_map";
				FRAMEWORK_SEARCH_PATHS = (
					"\"$(SDKROOT)/Developer/Library/Frameworks\"",
					"\"$(DEVELOPER_LIBRARY_DIR)/Frameworks\"",
				);
				GCC_PRECOMPILE_PREFIX_HEADER = YES;
				GCC_PREFIX_HEADER = "msu_map/msu_map-Prefix.pch";
				INFOPLIST_FILE = "msu_mapTests/msu_mapTests-Info.plist";
				PRODUCT_NAME = "$(TARGET_NAME)";
				TEST_HOST = "$(BUNDLE_LOADER)";
				WRAPPER_EXTENSION = octest;
			};
			name = Debug;
		};
		24EC525616275787008D9BBF /* Release */ = {
			isa = XCBuildConfiguration;
			buildSettings = {
				BUNDLE_LOADER = "$(BUILT_PRODUCTS_DIR)/msu_map.app/msu_map";
				FRAMEWORK_SEARCH_PATHS = (
					"\"$(SDKROOT)/Developer/Library/Frameworks\"",
					"\"$(DEVELOPER_LIBRARY_DIR)/Frameworks\"",
				);
				GCC_PRECOMPILE_PREFIX_HEADER = YES;
				GCC_PREFIX_HEADER = "msu_map/msu_map-Prefix.pch";
				INFOPLIST_FILE = "msu_mapTests/msu_mapTests-Info.plist";
				PRODUCT_NAME = "$(TARGET_NAME)";
				TEST_HOST = "$(BUNDLE_LOADER)";
				WRAPPER_EXTENSION = octest;
			};
			name = Release;
		};
/* End XCBuildConfiguration section */

/* Begin XCConfigurationList section */
		24EC520416275785008D9BBF /* Build configuration list for PBXProject "msu_map" */ = {
			isa = XCConfigurationList;
			buildConfigurations = (
				24EC524F16275786008D9BBF /* Debug */,
				24EC525016275786008D9BBF /* Release */,
			);
			defaultConfigurationIsVisible = 0;
			defaultConfigurationName = Release;
		};
		24EC525116275787008D9BBF /* Build configuration list for PBXNativeTarget "msu_map" */ = {
			isa = XCConfigurationList;
			buildConfigurations = (
				24EC525216275787008D9BBF /* Debug */,
				24EC525316275787008D9BBF /* Release */,
			);
			defaultConfigurationIsVisible = 0;
			defaultConfigurationName = Release;
		};
		24EC525416275787008D9BBF /* Build configuration list for PBXNativeTarget "msu_mapTests" */ = {
			isa = XCConfigurationList;
			buildConfigurations = (
				24EC525516275787008D9BBF /* Debug */,
				24EC525616275787008D9BBF /* Release */,
			);
			defaultConfigurationIsVisible = 0;
			defaultConfigurationName = Release;
		};
/* End XCConfigurationList section */
	};
	rootObject = 24EC520116275785008D9BBF /* Project object */;
}
